// !$*UTF8*$!
{
	archiveVersion = 1;
	classes = {
	};
	objectVersion = 46;
	objects = {

/* Begin PBXBuildFile section */
		B992115F1704A6A800BEB0D2 /* Cocoa.framework in Frameworks */ = {isa = PBXBuildFile; fileRef = B992115E1704A6A800BEB0D2 /* Cocoa.framework */; };
		B99211691704A6A900BEB0D2 /* StacManClient.m in Sources */ = {isa = PBXBuildFile; fileRef = B99211681704A6A900BEB0D2 /* StacManClient.m */; };
		B99211711704A6A900BEB0D2 /* SenTestingKit.framework in Frameworks */ = {isa = PBXBuildFile; fileRef = B99211701704A6A900BEB0D2 /* SenTestingKit.framework */; };
		B99211721704A6A900BEB0D2 /* Cocoa.framework in Frameworks */ = {isa = PBXBuildFile; fileRef = B992115E1704A6A800BEB0D2 /* Cocoa.framework */; };
		B99211751704A6A900BEB0D2 /* StacMan.dylib in Frameworks */ = {isa = PBXBuildFile; fileRef = B992115B1704A6A800BEB0D2 /* StacMan.dylib */; };
		B992117B1704A6A900BEB0D2 /* InfoPlist.strings in Resources */ = {isa = PBXBuildFile; fileRef = B99211791704A6A900BEB0D2 /* InfoPlist.strings */; };
		B992117E1704A6A900BEB0D2 /* StacManTests.m in Sources */ = {isa = PBXBuildFile; fileRef = B992117D1704A6A900BEB0D2 /* StacManTests.m */; };
		B99211891704A7B500BEB0D2 /* StacManQuestionMethods.h in Headers */ = {isa = PBXBuildFile; fileRef = B99211871704A7B500BEB0D2 /* StacManQuestionMethods.h */; };
		B992118A1704A7B500BEB0D2 /* StacManQuestionMethods.m in Sources */ = {isa = PBXBuildFile; fileRef = B99211881704A7B500BEB0D2 /* StacManQuestionMethods.m */; };
		B992118D1704AA0000BEB0D2 /* StacManResponse.h in Headers */ = {isa = PBXBuildFile; fileRef = B992118B1704AA0000BEB0D2 /* StacManResponse.h */; };
		B992118E1704AA0000BEB0D2 /* StacManResponse.m in Sources */ = {isa = PBXBuildFile; fileRef = B992118C1704AA0000BEB0D2 /* StacManResponse.m */; };
		B99211911704AA9B00BEB0D2 /* StacManWrapper.h in Headers */ = {isa = PBXBuildFile; fileRef = B992118F1704AA9B00BEB0D2 /* StacManWrapper.h */; };
		B99211921704AA9B00BEB0D2 /* StacManWrapper.m in Sources */ = {isa = PBXBuildFile; fileRef = B99211901704AA9B00BEB0D2 /* StacManWrapper.m */; };
		B99211951704AD4500BEB0D2 /* StacManQuestion.h in Headers */ = {isa = PBXBuildFile; fileRef = B99211931704AD4500BEB0D2 /* StacManQuestion.h */; };
		B99211961704AD4500BEB0D2 /* StacManQuestion.m in Sources */ = {isa = PBXBuildFile; fileRef = B99211941704AD4500BEB0D2 /* StacManQuestion.m */; };
		B997EF271704CD360074637A /* PropertySetter.m in Sources */ = {isa = PBXBuildFile; fileRef = B997EF261704CD360074637A /* PropertySetter.m */; };
		B9E0FB061705D3BF00478677 /* StacManShallowUser.h in Headers */ = {isa = PBXBuildFile; fileRef = B9E0FB041705D3BF00478677 /* StacManShallowUser.h */; };
		B9E0FB071705D3BF00478677 /* StacManShallowUser.m in Sources */ = {isa = PBXBuildFile; fileRef = B9E0FB051705D3BF00478677 /* StacManShallowUser.m */; };
		B9E0FB0A1705D49400478677 /* Constants.h in Headers */ = {isa = PBXBuildFile; fileRef = B9E0FB081705D49400478677 /* Constants.h */; };
		B9E0FB0D1705D4DE00478677 /* Constants.m in Sources */ = {isa = PBXBuildFile; fileRef = B9E0FB0C1705D4DE00478677 /* Constants.m */; };
		B9E0FB101705D72700478677 /* StacManMigrationInfo.h in Headers */ = {isa = PBXBuildFile; fileRef = B9E0FB0E1705D72700478677 /* StacManMigrationInfo.h */; };
		B9E0FB111705D72700478677 /* StacManMigrationInfo.m in Sources */ = {isa = PBXBuildFile; fileRef = B9E0FB0F1705D72700478677 /* StacManMigrationInfo.m */; };
		B9E0FB141705D79300478677 /* StacManSite.h in Headers */ = {isa = PBXBuildFile; fileRef = B9E0FB121705D79300478677 /* StacManSite.h */; };
		B9E0FB151705D79300478677 /* StacManSite.m in Sources */ = {isa = PBXBuildFile; fileRef = B9E0FB131705D79300478677 /* StacManSite.m */; };
		B9E0FB181705D8E600478677 /* StacManStyling.h in Headers */ = {isa = PBXBuildFile; fileRef = B9E0FB161705D8E600478677 /* StacManStyling.h */; };
		B9E0FB191705D8E600478677 /* StacManStyling.m in Sources */ = {isa = PBXBuildFile; fileRef = B9E0FB171705D8E600478677 /* StacManStyling.m */; };
		B9E0FB1C1705DB4D00478677 /* Utils.h in Headers */ = {isa = PBXBuildFile; fileRef = B9E0FB1A1705DB4D00478677 /* Utils.h */; };
		B9E0FB1D1705DB4D00478677 /* Utils.m in Sources */ = {isa = PBXBuildFile; fileRef = B9E0FB1B1705DB4D00478677 /* Utils.m */; };
		B9E0FB201705DFBF00478677 /* StacManRelatedSite.h in Headers */ = {isa = PBXBuildFile; fileRef = B9E0FB1E1705DFBE00478677 /* StacManRelatedSite.h */; };
		B9E0FB211705DFBF00478677 /* StacManRelatedSite.m in Sources */ = {isa = PBXBuildFile; fileRef = B9E0FB1F1705DFBF00478677 /* StacManRelatedSite.m */; };
		B9E4C54E1709C9FB00F78DC0 /* StacManAnswer.h in Headers */ = {isa = PBXBuildFile; fileRef = B9E4C54C1709C9FB00F78DC0 /* StacManAnswer.h */; };
		B9E4C54F1709C9FB00F78DC0 /* StacManAnswer.m in Sources */ = {isa = PBXBuildFile; fileRef = B9E4C54D1709C9FB00F78DC0 /* StacManAnswer.m */; };
		B9E4C5521709CBFF00F78DC0 /* StacManComment.h in Headers */ = {isa = PBXBuildFile; fileRef = B9E4C5501709CBFF00F78DC0 /* StacManComment.h */; };
		B9E4C5531709CBFF00F78DC0 /* StacManComment.m in Sources */ = {isa = PBXBuildFile; fileRef = B9E4C5511709CBFF00F78DC0 /* StacManComment.m */; };
		B9E4C5561709CFE600F78DC0 /* StacManQuestionTimeline.h in Headers */ = {isa = PBXBuildFile; fileRef = B9E4C5541709CFE600F78DC0 /* StacManQuestionTimeline.h */; };
		B9E4C5571709CFE600F78DC0 /* StacManQuestionTimeline.m in Sources */ = {isa = PBXBuildFile; fileRef = B9E4C5551709CFE600F78DC0 /* StacManQuestionTimeline.m */; };
		B9E4C55A1709D15500F78DC0 /* StacMan.h in Headers */ = {isa = PBXBuildFile; fileRef = B9E4C5581709D15400F78DC0 /* StacMan.h */; };
		B9E4C55E1709EA2700F78DC0 /* StacManUserMethods.h in Headers */ = {isa = PBXBuildFile; fileRef = B9E4C55C1709EA2600F78DC0 /* StacManUserMethods.h */; };
		B9E4C55F1709EA2700F78DC0 /* StacManUserMethods.m in Sources */ = {isa = PBXBuildFile; fileRef = B9E4C55D1709EA2700F78DC0 /* StacManUserMethods.m */; };
		B9E4C5621709F1AF00F78DC0 /* StacManUser.h in Headers */ = {isa = PBXBuildFile; fileRef = B9E4C5601709F1AF00F78DC0 /* StacManUser.h */; };
		B9E4C5631709F1AF00F78DC0 /* StacManUser.m in Sources */ = {isa = PBXBuildFile; fileRef = B9E4C5611709F1AF00F78DC0 /* StacManUser.m */; };
		B9E4C5661709F28E00F78DC0 /* StacManBadgeCount.h in Headers */ = {isa = PBXBuildFile; fileRef = B9E4C5641709F28E00F78DC0 /* StacManBadgeCount.h */; };
		B9E4C5671709F28E00F78DC0 /* StacManBadgeCount.m in Sources */ = {isa = PBXBuildFile; fileRef = B9E4C5651709F28E00F78DC0 /* StacManBadgeCount.m */; };
		B9E4C56A170A106300F78DC0 /* StacManBadge.h in Headers */ = {isa = PBXBuildFile; fileRef = B9E4C568170A106200F78DC0 /* StacManBadge.h */; };
		B9E4C56B170A106300F78DC0 /* StacManBadge.m in Sources */ = {isa = PBXBuildFile; fileRef = B9E4C569170A106200F78DC0 /* StacManBadge.m */; };
		B9E4C56E170A11C500F78DC0 /* StacManPrivilege.h in Headers */ = {isa = PBXBuildFile; fileRef = B9E4C56C170A11C400F78DC0 /* StacManPrivilege.h */; };
		B9E4C56F170A11C500F78DC0 /* StacManPrivilege.m in Sources */ = {isa = PBXBuildFile; fileRef = B9E4C56D170A11C400F78DC0 /* StacManPrivilege.m */; };
		B9E4C572170A12DE00F78DC0 /* StacManReputation.h in Headers */ = {isa = PBXBuildFile; fileRef = B9E4C570170A12DD00F78DC0 /* StacManReputation.h */; };
		B9E4C573170A12DE00F78DC0 /* StacManReputation.m in Sources */ = {isa = PBXBuildFile; fileRef = B9E4C571170A12DE00F78DC0 /* StacManReputation.m */; };
		B9E4C576170A13CA00F78DC0 /* StacManSuggestedEdit.h in Headers */ = {isa = PBXBuildFile; fileRef = B9E4C574170A13C900F78DC0 /* StacManSuggestedEdit.h */; };
		B9E4C577170A13CA00F78DC0 /* StacManSuggestedEdit.m in Sources */ = {isa = PBXBuildFile; fileRef = B9E4C575170A13C900F78DC0 /* StacManSuggestedEdit.m */; };
		B9E4C57A170A179200F78DC0 /* StacManTag.h in Headers */ = {isa = PBXBuildFile; fileRef = B9E4C578170A179000F78DC0 /* StacManTag.h */; };
		B9E4C57B170A179200F78DC0 /* StacManTag.m in Sources */ = {isa = PBXBuildFile; fileRef = B9E4C579170A179100F78DC0 /* StacManTag.m */; };
		B9E4C57E170A18F300F78DC0 /* StacManUserTimeline.h in Headers */ = {isa = PBXBuildFile; fileRef = B9E4C57C170A18F200F78DC0 /* StacManUserTimeline.h */; };
		B9E4C57F170A18F300F78DC0 /* StacManUserTimeline.m in Sources */ = {isa = PBXBuildFile; fileRef = B9E4C57D170A18F300F78DC0 /* StacManUserTimeline.m */; };
		B9E4C582170A1A2700F78DC0 /* StacManTopTag.h in Headers */ = {isa = PBXBuildFile; fileRef = B9E4C580170A1A2500F78DC0 /* StacManTopTag.h */; };
		B9E4C583170A1A2700F78DC0 /* StacManTopTag.m in Sources */ = {isa = PBXBuildFile; fileRef = B9E4C581170A1A2600F78DC0 /* StacManTopTag.m */; };
		B9E4C586170A1B9D00F78DC0 /* StacManInboxItem.h in Headers */ = {isa = PBXBuildFile; fileRef = B9E4C584170A1B9B00F78DC0 /* StacManInboxItem.h */; };
		B9E4C587170A1B9D00F78DC0 /* StacManInboxItem.m in Sources */ = {isa = PBXBuildFile; fileRef = B9E4C585170A1B9C00F78DC0 /* StacManInboxItem.m */; };
		B9E4C58A170A1D1200F78DC0 /* StacManNetworkUser.h in Headers */ = {isa = PBXBuildFile; fileRef = B9E4C588170A1D1100F78DC0 /* StacManNetworkUser.h */; };
		B9E4C58B170A1D1200F78DC0 /* StacManNetworkUser.m in Sources */ = {isa = PBXBuildFile; fileRef = B9E4C589170A1D1100F78DC0 /* StacManNetworkUser.m */; };
/* End PBXBuildFile section */

/* Begin PBXContainerItemProxy section */
		B99211731704A6A900BEB0D2 /* PBXContainerItemProxy */ = {
			isa = PBXContainerItemProxy;
			containerPortal = B99211521704A6A800BEB0D2 /* Project object */;
			proxyType = 1;
			remoteGlobalIDString = B992115A1704A6A800BEB0D2;
			remoteInfo = StacMan;
		};
/* End PBXContainerItemProxy section */

/* Begin PBXFileReference section */
		B992115B1704A6A800BEB0D2 /* StacMan.dylib */ = {isa = PBXFileReference; explicitFileType = "compiled.mach-o.dylib"; includeInIndex = 0; path = StacMan.dylib; sourceTree = BUILT_PRODUCTS_DIR; };
		B992115E1704A6A800BEB0D2 /* Cocoa.framework */ = {isa = PBXFileReference; lastKnownFileType = wrapper.framework; name = Cocoa.framework; path = System/Library/Frameworks/Cocoa.framework; sourceTree = SDKROOT; };
		B99211611704A6A800BEB0D2 /* AppKit.framework */ = {isa = PBXFileReference; lastKnownFileType = wrapper.framework; name = AppKit.framework; path = System/Library/Frameworks/AppKit.framework; sourceTree = SDKROOT; };
		B99211621704A6A800BEB0D2 /* CoreData.framework */ = {isa = PBXFileReference; lastKnownFileType = wrapper.framework; name = CoreData.framework; path = System/Library/Frameworks/CoreData.framework; sourceTree = SDKROOT; };
		B99211631704A6A800BEB0D2 /* Foundation.framework */ = {isa = PBXFileReference; lastKnownFileType = wrapper.framework; name = Foundation.framework; path = System/Library/Frameworks/Foundation.framework; sourceTree = SDKROOT; };
		B99211661704A6A800BEB0D2 /* StacMan-Prefix.pch */ = {isa = PBXFileReference; lastKnownFileType = sourcecode.c.h; path = "StacMan-Prefix.pch"; sourceTree = "<group>"; };
		B99211671704A6A900BEB0D2 /* StacManClient.h */ = {isa = PBXFileReference; lastKnownFileType = sourcecode.c.h; path = StacManClient.h; sourceTree = "<group>"; };
		B99211681704A6A900BEB0D2 /* StacManClient.m */ = {isa = PBXFileReference; lastKnownFileType = sourcecode.c.objc; path = StacManClient.m; sourceTree = "<group>"; };
		B992116F1704A6A900BEB0D2 /* StacManTests.octest */ = {isa = PBXFileReference; explicitFileType = wrapper.cfbundle; includeInIndex = 0; path = StacManTests.octest; sourceTree = BUILT_PRODUCTS_DIR; };
		B99211701704A6A900BEB0D2 /* SenTestingKit.framework */ = {isa = PBXFileReference; lastKnownFileType = wrapper.framework; name = SenTestingKit.framework; path = Library/Frameworks/SenTestingKit.framework; sourceTree = DEVELOPER_DIR; };
		B99211781704A6A900BEB0D2 /* StacManTests-Info.plist */ = {isa = PBXFileReference; lastKnownFileType = text.plist.xml; path = "StacManTests-Info.plist"; sourceTree = "<group>"; };
		B992117A1704A6A900BEB0D2 /* en */ = {isa = PBXFileReference; lastKnownFileType = text.plist.strings; name = en; path = en.lproj/InfoPlist.strings; sourceTree = "<group>"; };
		B992117C1704A6A900BEB0D2 /* StacManTests.h */ = {isa = PBXFileReference; lastKnownFileType = sourcecode.c.h; path = StacManTests.h; sourceTree = "<group>"; };
		B992117D1704A6A900BEB0D2 /* StacManTests.m */ = {isa = PBXFileReference; lastKnownFileType = sourcecode.c.objc; path = StacManTests.m; sourceTree = "<group>"; };
		B99211871704A7B500BEB0D2 /* StacManQuestionMethods.h */ = {isa = PBXFileReference; fileEncoding = 4; lastKnownFileType = sourcecode.c.h; path = StacManQuestionMethods.h; sourceTree = "<group>"; };
		B99211881704A7B500BEB0D2 /* StacManQuestionMethods.m */ = {isa = PBXFileReference; fileEncoding = 4; lastKnownFileType = sourcecode.c.objc; path = StacManQuestionMethods.m; sourceTree = "<group>"; };
		B992118B1704AA0000BEB0D2 /* StacManResponse.h */ = {isa = PBXFileReference; fileEncoding = 4; lastKnownFileType = sourcecode.c.h; path = StacManResponse.h; sourceTree = "<group>"; };
		B992118C1704AA0000BEB0D2 /* StacManResponse.m */ = {isa = PBXFileReference; fileEncoding = 4; lastKnownFileType = sourcecode.c.objc; path = StacManResponse.m; sourceTree = "<group>"; };
		B992118F1704AA9B00BEB0D2 /* StacManWrapper.h */ = {isa = PBXFileReference; fileEncoding = 4; lastKnownFileType = sourcecode.c.h; path = StacManWrapper.h; sourceTree = "<group>"; };
		B99211901704AA9B00BEB0D2 /* StacManWrapper.m */ = {isa = PBXFileReference; fileEncoding = 4; lastKnownFileType = sourcecode.c.objc; path = StacManWrapper.m; sourceTree = "<group>"; };
		B99211931704AD4500BEB0D2 /* StacManQuestion.h */ = {isa = PBXFileReference; fileEncoding = 4; lastKnownFileType = sourcecode.c.h; path = StacManQuestion.h; sourceTree = "<group>"; };
		B99211941704AD4500BEB0D2 /* StacManQuestion.m */ = {isa = PBXFileReference; fileEncoding = 4; lastKnownFileType = sourcecode.c.objc; path = StacManQuestion.m; sourceTree = "<group>"; };
		B997EF261704CD360074637A /* PropertySetter.m */ = {isa = PBXFileReference; fileEncoding = 4; lastKnownFileType = sourcecode.c.objc; path = PropertySetter.m; sourceTree = "<group>"; };
		B997EF281704CD400074637A /* PropertySetter.h */ = {isa = PBXFileReference; lastKnownFileType = sourcecode.c.h; path = PropertySetter.h; sourceTree = "<group>"; };
		B9E0FB041705D3BF00478677 /* StacManShallowUser.h */ = {isa = PBXFileReference; fileEncoding = 4; lastKnownFileType = sourcecode.c.h; path = StacManShallowUser.h; sourceTree = "<group>"; };
		B9E0FB051705D3BF00478677 /* StacManShallowUser.m */ = {isa = PBXFileReference; fileEncoding = 4; lastKnownFileType = sourcecode.c.objc; path = StacManShallowUser.m; sourceTree = "<group>"; };
		B9E0FB081705D49400478677 /* Constants.h */ = {isa = PBXFileReference; fileEncoding = 4; lastKnownFileType = sourcecode.c.h; path = Constants.h; sourceTree = "<group>"; };
		B9E0FB0C1705D4DE00478677 /* Constants.m */ = {isa = PBXFileReference; fileEncoding = 4; lastKnownFileType = sourcecode.c.objc; path = Constants.m; sourceTree = "<group>"; };
		B9E0FB0E1705D72700478677 /* StacManMigrationInfo.h */ = {isa = PBXFileReference; fileEncoding = 4; lastKnownFileType = sourcecode.c.h; path = StacManMigrationInfo.h; sourceTree = "<group>"; };
		B9E0FB0F1705D72700478677 /* StacManMigrationInfo.m */ = {isa = PBXFileReference; fileEncoding = 4; lastKnownFileType = sourcecode.c.objc; path = StacManMigrationInfo.m; sourceTree = "<group>"; };
		B9E0FB121705D79300478677 /* StacManSite.h */ = {isa = PBXFileReference; fileEncoding = 4; lastKnownFileType = sourcecode.c.h; path = StacManSite.h; sourceTree = "<group>"; };
		B9E0FB131705D79300478677 /* StacManSite.m */ = {isa = PBXFileReference; fileEncoding = 4; lastKnownFileType = sourcecode.c.objc; path = StacManSite.m; sourceTree = "<group>"; };
		B9E0FB161705D8E600478677 /* StacManStyling.h */ = {isa = PBXFileReference; fileEncoding = 4; lastKnownFileType = sourcecode.c.h; path = StacManStyling.h; sourceTree = "<group>"; };
		B9E0FB171705D8E600478677 /* StacManStyling.m */ = {isa = PBXFileReference; fileEncoding = 4; lastKnownFileType = sourcecode.c.objc; path = StacManStyling.m; sourceTree = "<group>"; };
		B9E0FB1A1705DB4D00478677 /* Utils.h */ = {isa = PBXFileReference; fileEncoding = 4; lastKnownFileType = sourcecode.c.h; path = Utils.h; sourceTree = "<group>"; };
		B9E0FB1B1705DB4D00478677 /* Utils.m */ = {isa = PBXFileReference; fileEncoding = 4; lastKnownFileType = sourcecode.c.objc; path = Utils.m; sourceTree = "<group>"; };
		B9E0FB1E1705DFBE00478677 /* StacManRelatedSite.h */ = {isa = PBXFileReference; fileEncoding = 4; lastKnownFileType = sourcecode.c.h; path = StacManRelatedSite.h; sourceTree = "<group>"; };
		B9E0FB1F1705DFBF00478677 /* StacManRelatedSite.m */ = {isa = PBXFileReference; fileEncoding = 4; lastKnownFileType = sourcecode.c.objc; path = StacManRelatedSite.m; sourceTree = "<group>"; };
		B9E4C54C1709C9FB00F78DC0 /* StacManAnswer.h */ = {isa = PBXFileReference; fileEncoding = 4; lastKnownFileType = sourcecode.c.h; path = StacManAnswer.h; sourceTree = "<group>"; };
		B9E4C54D1709C9FB00F78DC0 /* StacManAnswer.m */ = {isa = PBXFileReference; fileEncoding = 4; lastKnownFileType = sourcecode.c.objc; path = StacManAnswer.m; sourceTree = "<group>"; };
		B9E4C5501709CBFF00F78DC0 /* StacManComment.h */ = {isa = PBXFileReference; fileEncoding = 4; lastKnownFileType = sourcecode.c.h; path = StacManComment.h; sourceTree = "<group>"; };
		B9E4C5511709CBFF00F78DC0 /* StacManComment.m */ = {isa = PBXFileReference; fileEncoding = 4; lastKnownFileType = sourcecode.c.objc; path = StacManComment.m; sourceTree = "<group>"; };
		B9E4C5541709CFE600F78DC0 /* StacManQuestionTimeline.h */ = {isa = PBXFileReference; fileEncoding = 4; lastKnownFileType = sourcecode.c.h; path = StacManQuestionTimeline.h; sourceTree = "<group>"; };
		B9E4C5551709CFE600F78DC0 /* StacManQuestionTimeline.m */ = {isa = PBXFileReference; fileEncoding = 4; lastKnownFileType = sourcecode.c.objc; path = StacManQuestionTimeline.m; sourceTree = "<group>"; };
		B9E4C5581709D15400F78DC0 /* StacMan.h */ = {isa = PBXFileReference; fileEncoding = 4; lastKnownFileType = sourcecode.c.h; path = StacMan.h; sourceTree = "<group>"; };
		B9E4C55C1709EA2600F78DC0 /* StacManUserMethods.h */ = {isa = PBXFileReference; fileEncoding = 4; lastKnownFileType = sourcecode.c.h; path = StacManUserMethods.h; sourceTree = "<group>"; };
		B9E4C55D1709EA2700F78DC0 /* StacManUserMethods.m */ = {isa = PBXFileReference; fileEncoding = 4; lastKnownFileType = sourcecode.c.objc; path = StacManUserMethods.m; sourceTree = "<group>"; };
		B9E4C5601709F1AF00F78DC0 /* StacManUser.h */ = {isa = PBXFileReference; fileEncoding = 4; lastKnownFileType = sourcecode.c.h; path = StacManUser.h; sourceTree = "<group>"; };
		B9E4C5611709F1AF00F78DC0 /* StacManUser.m */ = {isa = PBXFileReference; fileEncoding = 4; lastKnownFileType = sourcecode.c.objc; path = StacManUser.m; sourceTree = "<group>"; };
		B9E4C5641709F28E00F78DC0 /* StacManBadgeCount.h */ = {isa = PBXFileReference; fileEncoding = 4; lastKnownFileType = sourcecode.c.h; path = StacManBadgeCount.h; sourceTree = "<group>"; };
		B9E4C5651709F28E00F78DC0 /* StacManBadgeCount.m */ = {isa = PBXFileReference; fileEncoding = 4; lastKnownFileType = sourcecode.c.objc; path = StacManBadgeCount.m; sourceTree = "<group>"; };
		B9E4C568170A106200F78DC0 /* StacManBadge.h */ = {isa = PBXFileReference; fileEncoding = 4; lastKnownFileType = sourcecode.c.h; path = StacManBadge.h; sourceTree = "<group>"; };
		B9E4C569170A106200F78DC0 /* StacManBadge.m */ = {isa = PBXFileReference; fileEncoding = 4; lastKnownFileType = sourcecode.c.objc; path = StacManBadge.m; sourceTree = "<group>"; };
		B9E4C56C170A11C400F78DC0 /* StacManPrivilege.h */ = {isa = PBXFileReference; fileEncoding = 4; lastKnownFileType = sourcecode.c.h; path = StacManPrivilege.h; sourceTree = "<group>"; };
		B9E4C56D170A11C400F78DC0 /* StacManPrivilege.m */ = {isa = PBXFileReference; fileEncoding = 4; lastKnownFileType = sourcecode.c.objc; path = StacManPrivilege.m; sourceTree = "<group>"; };
		B9E4C570170A12DD00F78DC0 /* StacManReputation.h */ = {isa = PBXFileReference; fileEncoding = 4; lastKnownFileType = sourcecode.c.h; path = StacManReputation.h; sourceTree = "<group>"; };
		B9E4C571170A12DE00F78DC0 /* StacManReputation.m */ = {isa = PBXFileReference; fileEncoding = 4; lastKnownFileType = sourcecode.c.objc; path = StacManReputation.m; sourceTree = "<group>"; };
		B9E4C574170A13C900F78DC0 /* StacManSuggestedEdit.h */ = {isa = PBXFileReference; fileEncoding = 4; lastKnownFileType = sourcecode.c.h; path = StacManSuggestedEdit.h; sourceTree = "<group>"; };
		B9E4C575170A13C900F78DC0 /* StacManSuggestedEdit.m */ = {isa = PBXFileReference; fileEncoding = 4; lastKnownFileType = sourcecode.c.objc; path = StacManSuggestedEdit.m; sourceTree = "<group>"; };
		B9E4C578170A179000F78DC0 /* StacManTag.h */ = {isa = PBXFileReference; fileEncoding = 4; lastKnownFileType = sourcecode.c.h; path = StacManTag.h; sourceTree = "<group>"; };
		B9E4C579170A179100F78DC0 /* StacManTag.m */ = {isa = PBXFileReference; fileEncoding = 4; lastKnownFileType = sourcecode.c.objc; path = StacManTag.m; sourceTree = "<group>"; };
		B9E4C57C170A18F200F78DC0 /* StacManUserTimeline.h */ = {isa = PBXFileReference; fileEncoding = 4; lastKnownFileType = sourcecode.c.h; path = StacManUserTimeline.h; sourceTree = "<group>"; };
		B9E4C57D170A18F300F78DC0 /* StacManUserTimeline.m */ = {isa = PBXFileReference; fileEncoding = 4; lastKnownFileType = sourcecode.c.objc; path = StacManUserTimeline.m; sourceTree = "<group>"; };
		B9E4C580170A1A2500F78DC0 /* StacManTopTag.h */ = {isa = PBXFileReference; fileEncoding = 4; lastKnownFileType = sourcecode.c.h; path = StacManTopTag.h; sourceTree = "<group>"; };
		B9E4C581170A1A2600F78DC0 /* StacManTopTag.m */ = {isa = PBXFileReference; fileEncoding = 4; lastKnownFileType = sourcecode.c.objc; path = StacManTopTag.m; sourceTree = "<group>"; };
		B9E4C584170A1B9B00F78DC0 /* StacManInboxItem.h */ = {isa = PBXFileReference; fileEncoding = 4; lastKnownFileType = sourcecode.c.h; path = StacManInboxItem.h; sourceTree = "<group>"; };
		B9E4C585170A1B9C00F78DC0 /* StacManInboxItem.m */ = {isa = PBXFileReference; fileEncoding = 4; lastKnownFileType = sourcecode.c.objc; path = StacManInboxItem.m; sourceTree = "<group>"; };
		B9E4C588170A1D1100F78DC0 /* StacManNetworkUser.h */ = {isa = PBXFileReference; fileEncoding = 4; lastKnownFileType = sourcecode.c.h; path = StacManNetworkUser.h; sourceTree = "<group>"; };
		B9E4C589170A1D1100F78DC0 /* StacManNetworkUser.m */ = {isa = PBXFileReference; fileEncoding = 4; lastKnownFileType = sourcecode.c.objc; path = StacManNetworkUser.m; sourceTree = "<group>"; };
/* End PBXFileReference section */

/* Begin PBXFrameworksBuildPhase section */
		B99211581704A6A800BEB0D2 /* Frameworks */ = {
			isa = PBXFrameworksBuildPhase;
			buildActionMask = 2147483647;
			files = (
				B992115F1704A6A800BEB0D2 /* Cocoa.framework in Frameworks */,
			);
			runOnlyForDeploymentPostprocessing = 0;
		};
		B992116B1704A6A900BEB0D2 /* Frameworks */ = {
			isa = PBXFrameworksBuildPhase;
			buildActionMask = 2147483647;
			files = (
				B99211711704A6A900BEB0D2 /* SenTestingKit.framework in Frameworks */,
				B99211721704A6A900BEB0D2 /* Cocoa.framework in Frameworks */,
				B99211751704A6A900BEB0D2 /* StacMan.dylib in Frameworks */,
			);
			runOnlyForDeploymentPostprocessing = 0;
		};
/* End PBXFrameworksBuildPhase section */

/* Begin PBXGroup section */
		B99211501704A6A800BEB0D2 = {
			isa = PBXGroup;
			children = (
				B99211641704A6A800BEB0D2 /* StacMan */,
				B99211761704A6A900BEB0D2 /* StacManTests */,
				B992115D1704A6A800BEB0D2 /* Frameworks */,
				B992115C1704A6A800BEB0D2 /* Products */,
			);
			sourceTree = "<group>";
		};
		B992115C1704A6A800BEB0D2 /* Products */ = {
			isa = PBXGroup;
			children = (
				B992115B1704A6A800BEB0D2 /* StacMan.dylib */,
				B992116F1704A6A900BEB0D2 /* StacManTests.octest */,
			);
			name = Products;
			sourceTree = "<group>";
		};
		B992115D1704A6A800BEB0D2 /* Frameworks */ = {
			isa = PBXGroup;
			children = (
				B992115E1704A6A800BEB0D2 /* Cocoa.framework */,
				B99211701704A6A900BEB0D2 /* SenTestingKit.framework */,
				B99211601704A6A800BEB0D2 /* Other Frameworks */,
			);
			name = Frameworks;
			sourceTree = "<group>";
		};
		B99211601704A6A800BEB0D2 /* Other Frameworks */ = {
			isa = PBXGroup;
			children = (
				B99211611704A6A800BEB0D2 /* AppKit.framework */,
				B99211621704A6A800BEB0D2 /* CoreData.framework */,
				B99211631704A6A800BEB0D2 /* Foundation.framework */,
			);
			name = "Other Frameworks";
			sourceTree = "<group>";
		};
		B99211641704A6A800BEB0D2 /* StacMan */ = {
			isa = PBXGroup;
			children = (
				B9E4C54B1709C9A100F78DC0 /* Models */,
				B99211671704A6A900BEB0D2 /* StacManClient.h */,
				B99211681704A6A900BEB0D2 /* StacManClient.m */,
				B99211651704A6A800BEB0D2 /* Supporting Files */,
				B99211871704A7B500BEB0D2 /* StacManQuestionMethods.h */,
				B99211881704A7B500BEB0D2 /* StacManQuestionMethods.m */,
				B992118B1704AA0000BEB0D2 /* StacManResponse.h */,
				B992118C1704AA0000BEB0D2 /* StacManResponse.m */,
				B992118F1704AA9B00BEB0D2 /* StacManWrapper.h */,
				B99211901704AA9B00BEB0D2 /* StacManWrapper.m */,
				B997EF261704CD360074637A /* PropertySetter.m */,
				B997EF281704CD400074637A /* PropertySetter.h */,
				B9E0FB081705D49400478677 /* Constants.h */,
				B9E0FB0C1705D4DE00478677 /* Constants.m */,
				B9E0FB1A1705DB4D00478677 /* Utils.h */,
				B9E0FB1B1705DB4D00478677 /* Utils.m */,
				B9E4C5581709D15400F78DC0 /* StacMan.h */,
				B9E4C55C1709EA2600F78DC0 /* StacManUserMethods.h */,
				B9E4C55D1709EA2700F78DC0 /* StacManUserMethods.m */,
			);
			path = StacMan;
			sourceTree = "<group>";
		};
		B99211651704A6A800BEB0D2 /* Supporting Files */ = {
			isa = PBXGroup;
			children = (
				B99211661704A6A800BEB0D2 /* StacMan-Prefix.pch */,
			);
			name = "Supporting Files";
			sourceTree = "<group>";
		};
		B99211761704A6A900BEB0D2 /* StacManTests */ = {
			isa = PBXGroup;
			children = (
				B992117C1704A6A900BEB0D2 /* StacManTests.h */,
				B992117D1704A6A900BEB0D2 /* StacManTests.m */,
				B99211771704A6A900BEB0D2 /* Supporting Files */,
			);
			path = StacManTests;
			sourceTree = "<group>";
		};
		B99211771704A6A900BEB0D2 /* Supporting Files */ = {
			isa = PBXGroup;
			children = (
				B99211781704A6A900BEB0D2 /* StacManTests-Info.plist */,
				B99211791704A6A900BEB0D2 /* InfoPlist.strings */,
			);
			name = "Supporting Files";
			sourceTree = "<group>";
		};
		B9E4C54B1709C9A100F78DC0 /* Models */ = {
			isa = PBXGroup;
			children = (
				B99211931704AD4500BEB0D2 /* StacManQuestion.h */,
				B99211941704AD4500BEB0D2 /* StacManQuestion.m */,
				B9E0FB041705D3BF00478677 /* StacManShallowUser.h */,
				B9E0FB051705D3BF00478677 /* StacManShallowUser.m */,
				B9E0FB0E1705D72700478677 /* StacManMigrationInfo.h */,
				B9E0FB0F1705D72700478677 /* StacManMigrationInfo.m */,
				B9E0FB121705D79300478677 /* StacManSite.h */,
				B9E0FB131705D79300478677 /* StacManSite.m */,
				B9E0FB161705D8E600478677 /* StacManStyling.h */,
				B9E0FB171705D8E600478677 /* StacManStyling.m */,
				B9E0FB1E1705DFBE00478677 /* StacManRelatedSite.h */,
				B9E0FB1F1705DFBF00478677 /* StacManRelatedSite.m */,
				B9E4C54C1709C9FB00F78DC0 /* StacManAnswer.h */,
				B9E4C54D1709C9FB00F78DC0 /* StacManAnswer.m */,
				B9E4C5501709CBFF00F78DC0 /* StacManComment.h */,
				B9E4C5511709CBFF00F78DC0 /* StacManComment.m */,
				B9E4C5541709CFE600F78DC0 /* StacManQuestionTimeline.h */,
				B9E4C5551709CFE600F78DC0 /* StacManQuestionTimeline.m */,
				B9E4C5601709F1AF00F78DC0 /* StacManUser.h */,
				B9E4C5611709F1AF00F78DC0 /* StacManUser.m */,
				B9E4C5641709F28E00F78DC0 /* StacManBadgeCount.h */,
				B9E4C5651709F28E00F78DC0 /* StacManBadgeCount.m */,
				B9E4C568170A106200F78DC0 /* StacManBadge.h */,
				B9E4C569170A106200F78DC0 /* StacManBadge.m */,
				B9E4C56C170A11C400F78DC0 /* StacManPrivilege.h */,
				B9E4C56D170A11C400F78DC0 /* StacManPrivilege.m */,
				B9E4C570170A12DD00F78DC0 /* StacManReputation.h */,
				B9E4C571170A12DE00F78DC0 /* StacManReputation.m */,
				B9E4C574170A13C900F78DC0 /* StacManSuggestedEdit.h */,
				B9E4C575170A13C900F78DC0 /* StacManSuggestedEdit.m */,
				B9E4C578170A179000F78DC0 /* StacManTag.h */,
				B9E4C579170A179100F78DC0 /* StacManTag.m */,
				B9E4C57C170A18F200F78DC0 /* StacManUserTimeline.h */,
				B9E4C57D170A18F300F78DC0 /* StacManUserTimeline.m */,
				B9E4C580170A1A2500F78DC0 /* StacManTopTag.h */,
				B9E4C581170A1A2600F78DC0 /* StacManTopTag.m */,
				B9E4C584170A1B9B00F78DC0 /* StacManInboxItem.h */,
				B9E4C585170A1B9C00F78DC0 /* StacManInboxItem.m */,
				B9E4C588170A1D1100F78DC0 /* StacManNetworkUser.h */,
				B9E4C589170A1D1100F78DC0 /* StacManNetworkUser.m */,
			);
			name = Models;
			sourceTree = "<group>";
		};
/* End PBXGroup section */

/* Begin PBXHeadersBuildPhase section */
		B99211591704A6A800BEB0D2 /* Headers */ = {
			isa = PBXHeadersBuildPhase;
			buildActionMask = 2147483647;
			files = (
				B99211891704A7B500BEB0D2 /* StacManQuestionMethods.h in Headers */,
				B992118D1704AA0000BEB0D2 /* StacManResponse.h in Headers */,
				B99211911704AA9B00BEB0D2 /* StacManWrapper.h in Headers */,
				B99211951704AD4500BEB0D2 /* StacManQuestion.h in Headers */,
				B9E0FB061705D3BF00478677 /* StacManShallowUser.h in Headers */,
				B9E0FB0A1705D49400478677 /* Constants.h in Headers */,
				B9E0FB101705D72700478677 /* StacManMigrationInfo.h in Headers */,
				B9E0FB141705D79300478677 /* StacManSite.h in Headers */,
				B9E0FB181705D8E600478677 /* StacManStyling.h in Headers */,
				B9E0FB1C1705DB4D00478677 /* Utils.h in Headers */,
				B9E0FB201705DFBF00478677 /* StacManRelatedSite.h in Headers */,
				B9E4C54E1709C9FB00F78DC0 /* StacManAnswer.h in Headers */,
				B9E4C5521709CBFF00F78DC0 /* StacManComment.h in Headers */,
				B9E4C5561709CFE600F78DC0 /* StacManQuestionTimeline.h in Headers */,
				B9E4C55A1709D15500F78DC0 /* StacMan.h in Headers */,
				B9E4C55E1709EA2700F78DC0 /* StacManUserMethods.h in Headers */,
				B9E4C5621709F1AF00F78DC0 /* StacManUser.h in Headers */,
				B9E4C5661709F28E00F78DC0 /* StacManBadgeCount.h in Headers */,
				B9E4C56A170A106300F78DC0 /* StacManBadge.h in Headers */,
				B9E4C56E170A11C500F78DC0 /* StacManPrivilege.h in Headers */,
				B9E4C572170A12DE00F78DC0 /* StacManReputation.h in Headers */,
				B9E4C576170A13CA00F78DC0 /* StacManSuggestedEdit.h in Headers */,
				B9E4C57A170A179200F78DC0 /* StacManTag.h in Headers */,
				B9E4C57E170A18F300F78DC0 /* StacManUserTimeline.h in Headers */,
				B9E4C582170A1A2700F78DC0 /* StacManTopTag.h in Headers */,
				B9E4C586170A1B9D00F78DC0 /* StacManInboxItem.h in Headers */,
				B9E4C58A170A1D1200F78DC0 /* StacManNetworkUser.h in Headers */,
			);
			runOnlyForDeploymentPostprocessing = 0;
		};
/* End PBXHeadersBuildPhase section */

/* Begin PBXNativeTarget section */
		B992115A1704A6A800BEB0D2 /* StacMan */ = {
			isa = PBXNativeTarget;
			buildConfigurationList = B99211811704A6A900BEB0D2 /* Build configuration list for PBXNativeTarget "StacMan" */;
			buildPhases = (
				B99211571704A6A800BEB0D2 /* Sources */,
				B99211581704A6A800BEB0D2 /* Frameworks */,
				B99211591704A6A800BEB0D2 /* Headers */,
			);
			buildRules = (
			);
			dependencies = (
			);
			name = StacMan;
			productName = StacMan;
			productReference = B992115B1704A6A800BEB0D2 /* StacMan.dylib */;
			productType = "com.apple.product-type.library.dynamic";
		};
		B992116E1704A6A900BEB0D2 /* StacManTests */ = {
			isa = PBXNativeTarget;
			buildConfigurationList = B99211841704A6A900BEB0D2 /* Build configuration list for PBXNativeTarget "StacManTests" */;
			buildPhases = (
				B992116A1704A6A900BEB0D2 /* Sources */,
				B992116B1704A6A900BEB0D2 /* Frameworks */,
				B992116C1704A6A900BEB0D2 /* Resources */,
				B992116D1704A6A900BEB0D2 /* ShellScript */,
			);
			buildRules = (
			);
			dependencies = (
				B99211741704A6A900BEB0D2 /* PBXTargetDependency */,
			);
			name = StacManTests;
			productName = StacManTests;
			productReference = B992116F1704A6A900BEB0D2 /* StacManTests.octest */;
			productType = "com.apple.product-type.bundle";
		};
/* End PBXNativeTarget section */

/* Begin PBXProject section */
		B99211521704A6A800BEB0D2 /* Project object */ = {
			isa = PBXProject;
			attributes = {
				LastUpgradeCheck = 0460;
				ORGANIZATIONNAME = "Stack Exchange";
			};
			buildConfigurationList = B99211551704A6A800BEB0D2 /* Build configuration list for PBXProject "StacMan" */;
			compatibilityVersion = "Xcode 3.2";
			developmentRegion = English;
			hasScannedForEncodings = 0;
			knownRegions = (
				en,
			);
			mainGroup = B99211501704A6A800BEB0D2;
			productRefGroup = B992115C1704A6A800BEB0D2 /* Products */;
			projectDirPath = "";
			projectRoot = "";
			targets = (
				B992115A1704A6A800BEB0D2 /* StacMan */,
				B992116E1704A6A900BEB0D2 /* StacManTests */,
			);
		};
/* End PBXProject section */

/* Begin PBXResourcesBuildPhase section */
		B992116C1704A6A900BEB0D2 /* Resources */ = {
			isa = PBXResourcesBuildPhase;
			buildActionMask = 2147483647;
			files = (
				B992117B1704A6A900BEB0D2 /* InfoPlist.strings in Resources */,
			);
			runOnlyForDeploymentPostprocessing = 0;
		};
/* End PBXResourcesBuildPhase section */

/* Begin PBXShellScriptBuildPhase section */
		B992116D1704A6A900BEB0D2 /* ShellScript */ = {
			isa = PBXShellScriptBuildPhase;
			buildActionMask = 2147483647;
			files = (
			);
			inputPaths = (
			);
			outputPaths = (
			);
			runOnlyForDeploymentPostprocessing = 0;
			shellPath = /bin/sh;
			shellScript = "# Run the unit tests in this test bundle.\n\"${SYSTEM_DEVELOPER_DIR}/Tools/RunUnitTests\"\n";
		};
/* End PBXShellScriptBuildPhase section */

/* Begin PBXSourcesBuildPhase section */
		B99211571704A6A800BEB0D2 /* Sources */ = {
			isa = PBXSourcesBuildPhase;
			buildActionMask = 2147483647;
			files = (
				B99211691704A6A900BEB0D2 /* StacManClient.m in Sources */,
				B992118A1704A7B500BEB0D2 /* StacManQuestionMethods.m in Sources */,
				B992118E1704AA0000BEB0D2 /* StacManResponse.m in Sources */,
				B99211921704AA9B00BEB0D2 /* StacManWrapper.m in Sources */,
				B99211961704AD4500BEB0D2 /* StacManQuestion.m in Sources */,
				B997EF271704CD360074637A /* PropertySetter.m in Sources */,
				B9E0FB071705D3BF00478677 /* StacManShallowUser.m in Sources */,
				B9E0FB0D1705D4DE00478677 /* Constants.m in Sources */,
				B9E0FB111705D72700478677 /* StacManMigrationInfo.m in Sources */,
				B9E0FB151705D79300478677 /* StacManSite.m in Sources */,
				B9E0FB191705D8E600478677 /* StacManStyling.m in Sources */,
				B9E0FB1D1705DB4D00478677 /* Utils.m in Sources */,
				B9E0FB211705DFBF00478677 /* StacManRelatedSite.m in Sources */,
				B9E4C54F1709C9FB00F78DC0 /* StacManAnswer.m in Sources */,
				B9E4C5531709CBFF00F78DC0 /* StacManComment.m in Sources */,
				B9E4C5571709CFE600F78DC0 /* StacManQuestionTimeline.m in Sources */,
				B9E4C55F1709EA2700F78DC0 /* StacManUserMethods.m in Sources */,
				B9E4C5631709F1AF00F78DC0 /* StacManUser.m in Sources */,
				B9E4C5671709F28E00F78DC0 /* StacManBadgeCount.m in Sources */,
				B9E4C56B170A106300F78DC0 /* StacManBadge.m in Sources */,
				B9E4C56F170A11C500F78DC0 /* StacManPrivilege.m in Sources */,
				B9E4C573170A12DE00F78DC0 /* StacManReputation.m in Sources */,
				B9E4C577170A13CA00F78DC0 /* StacManSuggestedEdit.m in Sources */,
				B9E4C57B170A179200F78DC0 /* StacManTag.m in Sources */,
				B9E4C57F170A18F300F78DC0 /* StacManUserTimeline.m in Sources */,
				B9E4C583170A1A2700F78DC0 /* StacManTopTag.m in Sources */,
				B9E4C587170A1B9D00F78DC0 /* StacManInboxItem.m in Sources */,
				B9E4C58B170A1D1200F78DC0 /* StacManNetworkUser.m in Sources */,
			);
			runOnlyForDeploymentPostprocessing = 0;
		};
		B992116A1704A6A900BEB0D2 /* Sources */ = {
			isa = PBXSourcesBuildPhase;
			buildActionMask = 2147483647;
			files = (
				B992117E1704A6A900BEB0D2 /* StacManTests.m in Sources */,
			);
			runOnlyForDeploymentPostprocessing = 0;
		};
/* End PBXSourcesBuildPhase section */

/* Begin PBXTargetDependency section */
		B99211741704A6A900BEB0D2 /* PBXTargetDependency */ = {
			isa = PBXTargetDependency;
			target = B992115A1704A6A800BEB0D2 /* StacMan */;
			targetProxy = B99211731704A6A900BEB0D2 /* PBXContainerItemProxy */;
		};
/* End PBXTargetDependency section */

/* Begin PBXVariantGroup section */
		B99211791704A6A900BEB0D2 /* InfoPlist.strings */ = {
			isa = PBXVariantGroup;
			children = (
				B992117A1704A6A900BEB0D2 /* en */,
			);
			name = InfoPlist.strings;
			sourceTree = "<group>";
		};
/* End PBXVariantGroup section */

/* Begin XCBuildConfiguration section */
		B992117F1704A6A900BEB0D2 /* Debug */ = {
			isa = XCBuildConfiguration;
			buildSettings = {
				ALWAYS_SEARCH_USER_PATHS = NO;
				ARCHS = "$(ARCHS_STANDARD_64_BIT)";
				CLANG_ENABLE_OBJC_ARC = YES;
				CLANG_WARN_CONSTANT_CONVERSION = YES;
				CLANG_WARN_ENUM_CONVERSION = YES;
				CLANG_WARN_INT_CONVERSION = YES;
				CLANG_WARN__DUPLICATE_METHOD_MATCH = YES;
				COPY_PHASE_STRIP = NO;
				GCC_C_LANGUAGE_STANDARD = gnu99;
				GCC_DYNAMIC_NO_PIC = NO;
				GCC_ENABLE_OBJC_EXCEPTIONS = YES;
				GCC_OPTIMIZATION_LEVEL = 0;
				GCC_PREPROCESSOR_DEFINITIONS = (
					"DEBUG=1",
					"$(inherited)",
				);
				GCC_SYMBOLS_PRIVATE_EXTERN = NO;
				GCC_VERSION = com.apple.compilers.llvm.clang.1_0;
				GCC_WARN_64_TO_32_BIT_CONVERSION = YES;
				GCC_WARN_ABOUT_RETURN_TYPE = YES;
				GCC_WARN_UNINITIALIZED_AUTOS = YES;
				GCC_WARN_UNUSED_VARIABLE = YES;
				MACOSX_DEPLOYMENT_TARGET = 10.7;
				ONLY_ACTIVE_ARCH = YES;
				SDKROOT = macosx;
			};
			name = Debug;
		};
		B99211801704A6A900BEB0D2 /* Release */ = {
			isa = XCBuildConfiguration;
			buildSettings = {
				ALWAYS_SEARCH_USER_PATHS = NO;
				ARCHS = "$(ARCHS_STANDARD_64_BIT)";
				CLANG_ENABLE_OBJC_ARC = YES;
				CLANG_WARN_CONSTANT_CONVERSION = YES;
				CLANG_WARN_ENUM_CONVERSION = YES;
				CLANG_WARN_INT_CONVERSION = YES;
				CLANG_WARN__DUPLICATE_METHOD_MATCH = YES;
				COPY_PHASE_STRIP = YES;
				DEBUG_INFORMATION_FORMAT = "dwarf-with-dsym";
				GCC_C_LANGUAGE_STANDARD = gnu99;
				GCC_ENABLE_OBJC_EXCEPTIONS = YES;
				GCC_VERSION = com.apple.compilers.llvm.clang.1_0;
				GCC_WARN_64_TO_32_BIT_CONVERSION = YES;
				GCC_WARN_ABOUT_RETURN_TYPE = YES;
				GCC_WARN_UNINITIALIZED_AUTOS = YES;
				GCC_WARN_UNUSED_VARIABLE = YES;
				MACOSX_DEPLOYMENT_TARGET = 10.7;
				SDKROOT = macosx;
			};
			name = Release;
		};
		B99211821704A6A900BEB0D2 /* Debug */ = {
			isa = XCBuildConfiguration;
			buildSettings = {
				COMBINE_HIDPI_IMAGES = YES;
				DYLIB_COMPATIBILITY_VERSION = 1;
				DYLIB_CURRENT_VERSION = 1;
				GCC_PRECOMPILE_PREFIX_HEADER = YES;
				GCC_PREFIX_HEADER = "StacMan/StacMan-Prefix.pch";
				PRODUCT_NAME = "$(TARGET_NAME)";
			};
			name = Debug;
		};
		B99211831704A6A900BEB0D2 /* Release */ = {
			isa = XCBuildConfiguration;
			buildSettings = {
				COMBINE_HIDPI_IMAGES = YES;
				DYLIB_COMPATIBILITY_VERSION = 1;
				DYLIB_CURRENT_VERSION = 1;
				GCC_PRECOMPILE_PREFIX_HEADER = YES;
				GCC_PREFIX_HEADER = "StacMan/StacMan-Prefix.pch";
				PRODUCT_NAME = "$(TARGET_NAME)";
			};
			name = Release;
		};
		B99211851704A6A900BEB0D2 /* Debug */ = {
			isa = XCBuildConfiguration;
			buildSettings = {
				COMBINE_HIDPI_IMAGES = YES;
				FRAMEWORK_SEARCH_PATHS = "$(DEVELOPER_LIBRARY_DIR)/Frameworks";
				GCC_PRECOMPILE_PREFIX_HEADER = YES;
				GCC_PREFIX_HEADER = "StacMan/StacMan-Prefix.pch";
				INFOPLIST_FILE = "StacManTests/StacManTests-Info.plist";
				PRODUCT_NAME = "$(TARGET_NAME)";
				WRAPPER_EXTENSION = octest;
			};
			name = Debug;
		};
		B99211861704A6A900BEB0D2 /* Release */ = {
			isa = XCBuildConfiguration;
			buildSettings = {
				COMBINE_HIDPI_IMAGES = YES;
				FRAMEWORK_SEARCH_PATHS = "$(DEVELOPER_LIBRARY_DIR)/Frameworks";
				GCC_PRECOMPILE_PREFIX_HEADER = YES;
				GCC_PREFIX_HEADER = "StacMan/StacMan-Prefix.pch";
				INFOPLIST_FILE = "StacManTests/StacManTests-Info.plist";
				PRODUCT_NAME = "$(TARGET_NAME)";
				WRAPPER_EXTENSION = octest;
			};
			name = Release;
		};
/* End XCBuildConfiguration section */

/* Begin XCConfigurationList section */
		B99211551704A6A800BEB0D2 /* Build configuration list for PBXProject "StacMan" */ = {
			isa = XCConfigurationList;
			buildConfigurations = (
				B992117F1704A6A900BEB0D2 /* Debug */,
				B99211801704A6A900BEB0D2 /* Release */,
			);
			defaultConfigurationIsVisible = 0;
			defaultConfigurationName = Release;
		};
		B99211811704A6A900BEB0D2 /* Build configuration list for PBXNativeTarget "StacMan" */ = {
			isa = XCConfigurationList;
			buildConfigurations = (
				B99211821704A6A900BEB0D2 /* Debug */,
				B99211831704A6A900BEB0D2 /* Release */,
			);
			defaultConfigurationIsVisible = 0;
			defaultConfigurationName = Release;
		};
		B99211841704A6A900BEB0D2 /* Build configuration list for PBXNativeTarget "StacManTests" */ = {
			isa = XCConfigurationList;
			buildConfigurations = (
				B99211851704A6A900BEB0D2 /* Debug */,
				B99211861704A6A900BEB0D2 /* Release */,
			);
			defaultConfigurationIsVisible = 0;
			defaultConfigurationName = Release;
		};
/* End XCConfigurationList section */
	};
	rootObject = B99211521704A6A800BEB0D2 /* Project object */;
}
