// !$*UTF8*$!
{
	archiveVersion = 1;
	classes = {
	};
	objectVersion = 46;
	objects = {

/* Begin PBXBuildFile section */
		8F11D0F617E7E39E00F0E074 /* NSString+Web.h in Headers */ = {isa = PBXBuildFile; fileRef = 8F11D0F417E7E39E00F0E074 /* NSString+Web.h */; };
		8F11D0F717E7E39E00F0E074 /* NSString+Web.m in Sources */ = {isa = PBXBuildFile; fileRef = 8F11D0F517E7E39E00F0E074 /* NSString+Web.m */; };
		8F11D0F817E7E39E00F0E074 /* NSString+Web.m in Sources */ = {isa = PBXBuildFile; fileRef = 8F11D0F517E7E39E00F0E074 /* NSString+Web.m */; };
		8F11D0FC17E8B0F400F0E074 /* SM_GTMNSString+HTML.h in Headers */ = {isa = PBXBuildFile; fileRef = 8F11D0FA17E8B0F400F0E074 /* SM_GTMNSString+HTML.h */; };
		8F11D0FD17E8B0F400F0E074 /* SM_GTMNSString+HTML.m in Sources */ = {isa = PBXBuildFile; fileRef = 8F11D0FB17E8B0F400F0E074 /* SM_GTMNSString+HTML.m */; };
		8F11D0FE17E8B0F400F0E074 /* SM_GTMNSString+HTML.m in Sources */ = {isa = PBXBuildFile; fileRef = 8F11D0FB17E8B0F400F0E074 /* SM_GTMNSString+HTML.m */; };
		8F11D10317E8FF6300F0E074 /* PropertySetter.h in Headers */ = {isa = PBXBuildFile; fileRef = B997EF281704CD400074637A /* PropertySetter.h */; };
		8F11D10417E8FF8E00F0E074 /* StacManClient.h in Headers */ = {isa = PBXBuildFile; fileRef = B99211671704A6A900BEB0D2 /* StacManClient.h */; };
		8F17D03417E75F6A0027D940 /* Foundation.framework in Frameworks */ = {isa = PBXBuildFile; fileRef = 8F17D03317E75F6A0027D940 /* Foundation.framework */; };
		8F17D05717E762ED0027D940 /* StacManWrapper.m in Sources */ = {isa = PBXBuildFile; fileRef = B99211901704AA9B00BEB0D2 /* StacManWrapper.m */; };
		8F17D05817E762F50027D940 /* StacManQuestionMethods.m in Sources */ = {isa = PBXBuildFile; fileRef = B99211881704A7B500BEB0D2 /* StacManQuestionMethods.m */; };
		8F17D05917E762FB0027D940 /* StacManUserMethods.m in Sources */ = {isa = PBXBuildFile; fileRef = B9E4C55D1709EA2700F78DC0 /* StacManUserMethods.m */; };
		8F17D05A17E763430027D940 /* StacManSiteMethods.m in Sources */ = {isa = PBXBuildFile; fileRef = B9379791170B0BC00058127A /* StacManSiteMethods.m */; };
		8F17D05B17E763460027D940 /* StacManAccessTokenMethods.m in Sources */ = {isa = PBXBuildFile; fileRef = B9379795170B0D590058127A /* StacManAccessTokenMethods.m */; };
		8F17D05C17E763490027D940 /* StacManAnswerMethods.m in Sources */ = {isa = PBXBuildFile; fileRef = B93797A3170B2D780058127A /* StacManAnswerMethods.m */; };
		8F17D05D17E7634C0027D940 /* StacManApplicationMethods.m in Sources */ = {isa = PBXBuildFile; fileRef = B93797A7170B2FBF0058127A /* StacManApplicationMethods.m */; };
		8F17D05E17E7634F0027D940 /* StacManBadgeMethods.m in Sources */ = {isa = PBXBuildFile; fileRef = B93797AB170B30FB0058127A /* StacManBadgeMethods.m */; };
		8F17D05F17E763510027D940 /* StacManCommentMethods.m in Sources */ = {isa = PBXBuildFile; fileRef = B93797AF170B34EC0058127A /* StacManCommentMethods.m */; };
		8F17D06017E763570027D940 /* StacManErrorMethods.m in Sources */ = {isa = PBXBuildFile; fileRef = B93797B3170B36840058127A /* StacManErrorMethods.m */; };
		8F17D06117E7635A0027D940 /* StacManEventMethods.m in Sources */ = {isa = PBXBuildFile; fileRef = B93797BB170B38F50058127A /* StacManEventMethods.m */; };
		8F17D06217E7635D0027D940 /* StacManFilterMethods.m in Sources */ = {isa = PBXBuildFile; fileRef = B93797C3170B42E40058127A /* StacManFilterMethods.m */; };
		8F17D06317E763600027D940 /* StacManInboxMethods.m in Sources */ = {isa = PBXBuildFile; fileRef = B93797CC170B465B0058127A /* StacManInboxMethods.m */; };
		8F17D06417E763630027D940 /* StacManInfoMethods.m in Sources */ = {isa = PBXBuildFile; fileRef = B93797D0170B47770058127A /* StacManInfoMethods.m */; };
		8F17D06517E763650027D940 /* StacManPostMethods.m in Sources */ = {isa = PBXBuildFile; fileRef = B93797D8170B49ED0058127A /* StacManPostMethods.m */; };
		8F17D06617E763680027D940 /* StacManPrivilegeMethods.m in Sources */ = {isa = PBXBuildFile; fileRef = B93797E4170B4E710058127A /* StacManPrivilegeMethods.m */; };
		8F17D06717E7636B0027D940 /* StacManRevisionMethods.m in Sources */ = {isa = PBXBuildFile; fileRef = B93797E8170B4F430058127A /* StacManRevisionMethods.m */; };
		8F17D06817E7636E0027D940 /* StacManSearchMethods.m in Sources */ = {isa = PBXBuildFile; fileRef = B93797EC170B50450058127A /* StacManSearchMethods.m */; };
		8F17D06917E763740027D940 /* StacManSuggestedEditMethods.m in Sources */ = {isa = PBXBuildFile; fileRef = B93797F0170B534D0058127A /* StacManSuggestedEditMethods.m */; };
		8F17D06A17E763740027D940 /* StacManTagMethods.m in Sources */ = {isa = PBXBuildFile; fileRef = B93797F4170B5AC60058127A /* StacManTagMethods.m */; };
		8F17D06B17E763B40027D940 /* StacManQuestion.m in Sources */ = {isa = PBXBuildFile; fileRef = B99211941704AD4500BEB0D2 /* StacManQuestion.m */; };
		8F17D06C17E763B40027D940 /* StacManShallowUser.m in Sources */ = {isa = PBXBuildFile; fileRef = B9E0FB051705D3BF00478677 /* StacManShallowUser.m */; };
		8F17D06D17E763B40027D940 /* StacManMigrationInfo.m in Sources */ = {isa = PBXBuildFile; fileRef = B9E0FB0F1705D72700478677 /* StacManMigrationInfo.m */; };
		8F17D06E17E763B40027D940 /* StacManSite.m in Sources */ = {isa = PBXBuildFile; fileRef = B9E0FB131705D79300478677 /* StacManSite.m */; };
		8F17D06F17E763B40027D940 /* StacManStyling.m in Sources */ = {isa = PBXBuildFile; fileRef = B9E0FB171705D8E600478677 /* StacManStyling.m */; };
		8F17D07017E763B40027D940 /* StacManRelatedSite.m in Sources */ = {isa = PBXBuildFile; fileRef = B9E0FB1F1705DFBF00478677 /* StacManRelatedSite.m */; };
		8F17D07117E763B40027D940 /* StacManAnswer.m in Sources */ = {isa = PBXBuildFile; fileRef = B9E4C54D1709C9FB00F78DC0 /* StacManAnswer.m */; };
		8F17D07217E763B40027D940 /* StacManComment.m in Sources */ = {isa = PBXBuildFile; fileRef = B9E4C5511709CBFF00F78DC0 /* StacManComment.m */; };
		8F17D07317E763B40027D940 /* StacManQuestionTimeline.m in Sources */ = {isa = PBXBuildFile; fileRef = B9E4C5551709CFE600F78DC0 /* StacManQuestionTimeline.m */; };
		8F17D07417E763B40027D940 /* StacManUser.m in Sources */ = {isa = PBXBuildFile; fileRef = B9E4C5611709F1AF00F78DC0 /* StacManUser.m */; };
		8F17D07517E763B40027D940 /* StacManBadgeCount.m in Sources */ = {isa = PBXBuildFile; fileRef = B9E4C5651709F28E00F78DC0 /* StacManBadgeCount.m */; };
		8F17D07617E763B40027D940 /* StacManBadge.m in Sources */ = {isa = PBXBuildFile; fileRef = B9E4C569170A106200F78DC0 /* StacManBadge.m */; };
		8F17D07717E763B40027D940 /* StacManPrivilege.m in Sources */ = {isa = PBXBuildFile; fileRef = B9E4C56D170A11C400F78DC0 /* StacManPrivilege.m */; };
		8F17D07817E763B40027D940 /* StacManReputation.m in Sources */ = {isa = PBXBuildFile; fileRef = B9E4C571170A12DE00F78DC0 /* StacManReputation.m */; };
		8F17D07917E763B40027D940 /* StacManSuggestedEdit.m in Sources */ = {isa = PBXBuildFile; fileRef = B9E4C575170A13C900F78DC0 /* StacManSuggestedEdit.m */; };
		8F17D07A17E763B40027D940 /* StacManTag.m in Sources */ = {isa = PBXBuildFile; fileRef = B9E4C579170A179100F78DC0 /* StacManTag.m */; };
		8F17D07B17E763B40027D940 /* StacManUserTimeline.m in Sources */ = {isa = PBXBuildFile; fileRef = B9E4C57D170A18F300F78DC0 /* StacManUserTimeline.m */; };
		8F17D07C17E763B40027D940 /* StacManTopTag.m in Sources */ = {isa = PBXBuildFile; fileRef = B9E4C581170A1A2600F78DC0 /* StacManTopTag.m */; };
		8F17D07D17E763B40027D940 /* StacManInboxItem.m in Sources */ = {isa = PBXBuildFile; fileRef = B9E4C585170A1B9C00F78DC0 /* StacManInboxItem.m */; };
		8F17D07E17E763B40027D940 /* StacManNetworkUser.m in Sources */ = {isa = PBXBuildFile; fileRef = B9E4C589170A1D1100F78DC0 /* StacManNetworkUser.m */; };
		8F17D07F17E763B40027D940 /* StacManAccessToken.m in Sources */ = {isa = PBXBuildFile; fileRef = B9379799170B0DE90058127A /* StacManAccessToken.m */; };
		8F17D08017E763B40027D940 /* StacManError.m in Sources */ = {isa = PBXBuildFile; fileRef = B93797B7170B37B90058127A /* StacManError.m */; };
		8F17D08117E763B40027D940 /* StacManEvent.m in Sources */ = {isa = PBXBuildFile; fileRef = B93797BF170B39F50058127A /* StacManEvent.m */; };
		8F17D08217E763B40027D940 /* StacManFilter.m in Sources */ = {isa = PBXBuildFile; fileRef = B93797C7170B44C30058127A /* StacManFilter.m */; };
		8F17D08317E763B40027D940 /* StacManInfo.m in Sources */ = {isa = PBXBuildFile; fileRef = B93797D4170B48180058127A /* StacManInfo.m */; };
		8F17D08417E763B40027D940 /* StacManPost.m in Sources */ = {isa = PBXBuildFile; fileRef = B93797DC170B4B690058127A /* StacManPost.m */; };
		8F17D08517E763B40027D940 /* StacManRevision.m in Sources */ = {isa = PBXBuildFile; fileRef = B93797E0170B4CDB0058127A /* StacManRevision.m */; };
		8F17D08617E763B40027D940 /* StacManTagSynonym.m in Sources */ = {isa = PBXBuildFile; fileRef = B93797F8170B5DD30058127A /* StacManTagSynonym.m */; };
		8F17D08717E763B40027D940 /* StacManTagScore.m in Sources */ = {isa = PBXBuildFile; fileRef = B93797FC170B5F2E0058127A /* StacManTagScore.m */; };
		8F17D08817E763B40027D940 /* StacManTagWiki.m in Sources */ = {isa = PBXBuildFile; fileRef = B9379800170B60520058127A /* StacManTagWiki.m */; };
		8F17D08917E763B40027D940 /* StacManClient.m in Sources */ = {isa = PBXBuildFile; fileRef = B99211681704A6A900BEB0D2 /* StacManClient.m */; };
		8F17D08A17E763B40027D940 /* StacManResponse.m in Sources */ = {isa = PBXBuildFile; fileRef = B992118C1704AA0000BEB0D2 /* StacManResponse.m */; };
		8F17D08B17E763B40027D940 /* PropertySetter.m in Sources */ = {isa = PBXBuildFile; fileRef = B997EF261704CD360074637A /* PropertySetter.m */; };
		8F17D08C17E763B40027D940 /* StacManConstants.m in Sources */ = {isa = PBXBuildFile; fileRef = B9E0FB0C1705D4DE00478677 /* StacManConstants.m */; };
		8F17D08D17E763B40027D940 /* Utils.m in Sources */ = {isa = PBXBuildFile; fileRef = B9E0FB1B1705DB4D00478677 /* Utils.m */; };
		B9379792170B0BC00058127A /* StacManSiteMethods.h in Headers */ = {isa = PBXBuildFile; fileRef = B9379790170B0BC00058127A /* StacManSiteMethods.h */; };
		B9379793170B0BC00058127A /* StacManSiteMethods.m in Sources */ = {isa = PBXBuildFile; fileRef = B9379791170B0BC00058127A /* StacManSiteMethods.m */; };
		B9379796170B0D590058127A /* StacManAccessTokenMethods.h in Headers */ = {isa = PBXBuildFile; fileRef = B9379794170B0D590058127A /* StacManAccessTokenMethods.h */; };
		B9379797170B0D590058127A /* StacManAccessTokenMethods.m in Sources */ = {isa = PBXBuildFile; fileRef = B9379795170B0D590058127A /* StacManAccessTokenMethods.m */; };
		B937979A170B0DE90058127A /* StacManAccessToken.h in Headers */ = {isa = PBXBuildFile; fileRef = B9379798170B0DE90058127A /* StacManAccessToken.h */; };
		B937979B170B0DE90058127A /* StacManAccessToken.m in Sources */ = {isa = PBXBuildFile; fileRef = B9379799170B0DE90058127A /* StacManAccessToken.m */; };
		B93797A4170B2D780058127A /* StacManAnswerMethods.h in Headers */ = {isa = PBXBuildFile; fileRef = B93797A2170B2D780058127A /* StacManAnswerMethods.h */; };
		B93797A5170B2D780058127A /* StacManAnswerMethods.m in Sources */ = {isa = PBXBuildFile; fileRef = B93797A3170B2D780058127A /* StacManAnswerMethods.m */; };
		B93797A8170B2FBF0058127A /* StacManApplicationMethods.h in Headers */ = {isa = PBXBuildFile; fileRef = B93797A6170B2FBE0058127A /* StacManApplicationMethods.h */; };
		B93797A9170B2FBF0058127A /* StacManApplicationMethods.m in Sources */ = {isa = PBXBuildFile; fileRef = B93797A7170B2FBF0058127A /* StacManApplicationMethods.m */; };
		B93797AC170B30FC0058127A /* StacManBadgeMethods.h in Headers */ = {isa = PBXBuildFile; fileRef = B93797AA170B30FB0058127A /* StacManBadgeMethods.h */; };
		B93797AD170B30FC0058127A /* StacManBadgeMethods.m in Sources */ = {isa = PBXBuildFile; fileRef = B93797AB170B30FB0058127A /* StacManBadgeMethods.m */; };
		B93797B0170B34ED0058127A /* StacManCommentMethods.h in Headers */ = {isa = PBXBuildFile; fileRef = B93797AE170B34EC0058127A /* StacManCommentMethods.h */; };
		B93797B1170B34ED0058127A /* StacManCommentMethods.m in Sources */ = {isa = PBXBuildFile; fileRef = B93797AF170B34EC0058127A /* StacManCommentMethods.m */; };
		B93797B4170B36850058127A /* StacManErrorMethods.h in Headers */ = {isa = PBXBuildFile; fileRef = B93797B2170B36840058127A /* StacManErrorMethods.h */; };
		B93797B5170B36850058127A /* StacManErrorMethods.m in Sources */ = {isa = PBXBuildFile; fileRef = B93797B3170B36840058127A /* StacManErrorMethods.m */; };
		B93797B8170B37B90058127A /* StacManError.h in Headers */ = {isa = PBXBuildFile; fileRef = B93797B6170B37B90058127A /* StacManError.h */; };
		B93797B9170B37B90058127A /* StacManError.m in Sources */ = {isa = PBXBuildFile; fileRef = B93797B7170B37B90058127A /* StacManError.m */; };
		B93797BC170B38F60058127A /* StacManEventMethods.h in Headers */ = {isa = PBXBuildFile; fileRef = B93797BA170B38F40058127A /* StacManEventMethods.h */; };
		B93797BD170B38F60058127A /* StacManEventMethods.m in Sources */ = {isa = PBXBuildFile; fileRef = B93797BB170B38F50058127A /* StacManEventMethods.m */; };
		B93797C0170B39F50058127A /* StacManEvent.h in Headers */ = {isa = PBXBuildFile; fileRef = B93797BE170B39F50058127A /* StacManEvent.h */; };
		B93797C1170B39F50058127A /* StacManEvent.m in Sources */ = {isa = PBXBuildFile; fileRef = B93797BF170B39F50058127A /* StacManEvent.m */; };
		B93797C4170B42E60058127A /* StacManFilterMethods.h in Headers */ = {isa = PBXBuildFile; fileRef = B93797C2170B42E40058127A /* StacManFilterMethods.h */; };
		B93797C5170B42E60058127A /* StacManFilterMethods.m in Sources */ = {isa = PBXBuildFile; fileRef = B93797C3170B42E40058127A /* StacManFilterMethods.m */; };
		B93797C8170B44C30058127A /* StacManFilter.h in Headers */ = {isa = PBXBuildFile; fileRef = B93797C6170B44C30058127A /* StacManFilter.h */; };
		B93797C9170B44C30058127A /* StacManFilter.m in Sources */ = {isa = PBXBuildFile; fileRef = B93797C7170B44C30058127A /* StacManFilter.m */; };
		B93797CD170B465B0058127A /* StacManInboxMethods.h in Headers */ = {isa = PBXBuildFile; fileRef = B93797CB170B465B0058127A /* StacManInboxMethods.h */; };
		B93797CE170B465B0058127A /* StacManInboxMethods.m in Sources */ = {isa = PBXBuildFile; fileRef = B93797CC170B465B0058127A /* StacManInboxMethods.m */; };
		B93797D1170B47770058127A /* StacManInfoMethods.h in Headers */ = {isa = PBXBuildFile; fileRef = B93797CF170B47770058127A /* StacManInfoMethods.h */; };
		B93797D2170B47770058127A /* StacManInfoMethods.m in Sources */ = {isa = PBXBuildFile; fileRef = B93797D0170B47770058127A /* StacManInfoMethods.m */; };
		B93797D5170B48190058127A /* StacManInfo.h in Headers */ = {isa = PBXBuildFile; fileRef = B93797D3170B48180058127A /* StacManInfo.h */; };
		B93797D6170B48190058127A /* StacManInfo.m in Sources */ = {isa = PBXBuildFile; fileRef = B93797D4170B48180058127A /* StacManInfo.m */; };
		B93797D9170B49EE0058127A /* StacManPostMethods.h in Headers */ = {isa = PBXBuildFile; fileRef = B93797D7170B49ED0058127A /* StacManPostMethods.h */; };
		B93797DA170B49EE0058127A /* StacManPostMethods.m in Sources */ = {isa = PBXBuildFile; fileRef = B93797D8170B49ED0058127A /* StacManPostMethods.m */; };
		B93797DD170B4B690058127A /* StacManPost.h in Headers */ = {isa = PBXBuildFile; fileRef = B93797DB170B4B690058127A /* StacManPost.h */; };
		B93797DE170B4B690058127A /* StacManPost.m in Sources */ = {isa = PBXBuildFile; fileRef = B93797DC170B4B690058127A /* StacManPost.m */; };
		B93797E1170B4CDC0058127A /* StacManRevision.h in Headers */ = {isa = PBXBuildFile; fileRef = B93797DF170B4CDB0058127A /* StacManRevision.h */; };
		B93797E2170B4CDC0058127A /* StacManRevision.m in Sources */ = {isa = PBXBuildFile; fileRef = B93797E0170B4CDB0058127A /* StacManRevision.m */; };
		B93797E5170B4E710058127A /* StacManPrivilegeMethods.h in Headers */ = {isa = PBXBuildFile; fileRef = B93797E3170B4E710058127A /* StacManPrivilegeMethods.h */; };
		B93797E6170B4E710058127A /* StacManPrivilegeMethods.m in Sources */ = {isa = PBXBuildFile; fileRef = B93797E4170B4E710058127A /* StacManPrivilegeMethods.m */; };
		B93797E9170B4F430058127A /* StacManRevisionMethods.h in Headers */ = {isa = PBXBuildFile; fileRef = B93797E7170B4F420058127A /* StacManRevisionMethods.h */; };
		B93797EA170B4F430058127A /* StacManRevisionMethods.m in Sources */ = {isa = PBXBuildFile; fileRef = B93797E8170B4F430058127A /* StacManRevisionMethods.m */; };
		B93797ED170B50450058127A /* StacManSearchMethods.h in Headers */ = {isa = PBXBuildFile; fileRef = B93797EB170B50440058127A /* StacManSearchMethods.h */; };
		B93797EE170B50450058127A /* StacManSearchMethods.m in Sources */ = {isa = PBXBuildFile; fileRef = B93797EC170B50450058127A /* StacManSearchMethods.m */; };
		B93797F1170B534D0058127A /* StacManSuggestedEditMethods.h in Headers */ = {isa = PBXBuildFile; fileRef = B93797EF170B534D0058127A /* StacManSuggestedEditMethods.h */; };
		B93797F2170B534D0058127A /* StacManSuggestedEditMethods.m in Sources */ = {isa = PBXBuildFile; fileRef = B93797F0170B534D0058127A /* StacManSuggestedEditMethods.m */; };
		B93797F5170B5AC60058127A /* StacManTagMethods.h in Headers */ = {isa = PBXBuildFile; fileRef = B93797F3170B5AC50058127A /* StacManTagMethods.h */; };
		B93797F6170B5AC60058127A /* StacManTagMethods.m in Sources */ = {isa = PBXBuildFile; fileRef = B93797F4170B5AC60058127A /* StacManTagMethods.m */; };
		B93797F9170B5DD40058127A /* StacManTagSynonym.h in Headers */ = {isa = PBXBuildFile; fileRef = B93797F7170B5DD20058127A /* StacManTagSynonym.h */; };
		B93797FA170B5DD40058127A /* StacManTagSynonym.m in Sources */ = {isa = PBXBuildFile; fileRef = B93797F8170B5DD30058127A /* StacManTagSynonym.m */; };
		B93797FD170B5F300058127A /* StacManTagScore.h in Headers */ = {isa = PBXBuildFile; fileRef = B93797FB170B5F2E0058127A /* StacManTagScore.h */; };
		B93797FE170B5F300058127A /* StacManTagScore.m in Sources */ = {isa = PBXBuildFile; fileRef = B93797FC170B5F2E0058127A /* StacManTagScore.m */; };
		B9379801170B60530058127A /* StacManTagWiki.h in Headers */ = {isa = PBXBuildFile; fileRef = B93797FF170B60510058127A /* StacManTagWiki.h */; };
		B9379802170B60530058127A /* StacManTagWiki.m in Sources */ = {isa = PBXBuildFile; fileRef = B9379800170B60520058127A /* StacManTagWiki.m */; };
		B992115F1704A6A800BEB0D2 /* Cocoa.framework in Frameworks */ = {isa = PBXBuildFile; fileRef = B992115E1704A6A800BEB0D2 /* Cocoa.framework */; };
		B99211691704A6A900BEB0D2 /* StacManClient.m in Sources */ = {isa = PBXBuildFile; fileRef = B99211681704A6A900BEB0D2 /* StacManClient.m */; };
		B99211711704A6A900BEB0D2 /* SenTestingKit.framework in Frameworks */ = {isa = PBXBuildFile; fileRef = B99211701704A6A900BEB0D2 /* SenTestingKit.framework */; };
		B99211721704A6A900BEB0D2 /* Cocoa.framework in Frameworks */ = {isa = PBXBuildFile; fileRef = B992115E1704A6A800BEB0D2 /* Cocoa.framework */; };
		B99211751704A6A900BEB0D2 /* StacMan.dylib in Frameworks */ = {isa = PBXBuildFile; fileRef = B992115B1704A6A800BEB0D2 /* StacMan.dylib */; };
		B992117B1704A6A900BEB0D2 /* InfoPlist.strings in Resources */ = {isa = PBXBuildFile; fileRef = B99211791704A6A900BEB0D2 /* InfoPlist.strings */; };
		B992117E1704A6A900BEB0D2 /* StacManTests.m in Sources */ = {isa = PBXBuildFile; fileRef = B992117D1704A6A900BEB0D2 /* StacManTests.m */; };
		B99211891704A7B500BEB0D2 /* StacManQuestionMethods.h in Headers */ = {isa = PBXBuildFile; fileRef = B99211871704A7B500BEB0D2 /* StacManQuestionMethods.h */; };
		B992118A1704A7B500BEB0D2 /* StacManQuestionMethods.m in Sources */ = {isa = PBXBuildFile; fileRef = B99211881704A7B500BEB0D2 /* StacManQuestionMethods.m */; };
		B992118D1704AA0000BEB0D2 /* StacManResponse.h in Headers */ = {isa = PBXBuildFile; fileRef = B992118B1704AA0000BEB0D2 /* StacManResponse.h */; };
		B992118E1704AA0000BEB0D2 /* StacManResponse.m in Sources */ = {isa = PBXBuildFile; fileRef = B992118C1704AA0000BEB0D2 /* StacManResponse.m */; };
		B99211911704AA9B00BEB0D2 /* StacManWrapper.h in Headers */ = {isa = PBXBuildFile; fileRef = B992118F1704AA9B00BEB0D2 /* StacManWrapper.h */; };
		B99211921704AA9B00BEB0D2 /* StacManWrapper.m in Sources */ = {isa = PBXBuildFile; fileRef = B99211901704AA9B00BEB0D2 /* StacManWrapper.m */; };
		B99211951704AD4500BEB0D2 /* StacManQuestion.h in Headers */ = {isa = PBXBuildFile; fileRef = B99211931704AD4500BEB0D2 /* StacManQuestion.h */; };
		B99211961704AD4500BEB0D2 /* StacManQuestion.m in Sources */ = {isa = PBXBuildFile; fileRef = B99211941704AD4500BEB0D2 /* StacManQuestion.m */; };
		B997EF271704CD360074637A /* PropertySetter.m in Sources */ = {isa = PBXBuildFile; fileRef = B997EF261704CD360074637A /* PropertySetter.m */; };
		B9E0FB061705D3BF00478677 /* StacManShallowUser.h in Headers */ = {isa = PBXBuildFile; fileRef = B9E0FB041705D3BF00478677 /* StacManShallowUser.h */; };
		B9E0FB071705D3BF00478677 /* StacManShallowUser.m in Sources */ = {isa = PBXBuildFile; fileRef = B9E0FB051705D3BF00478677 /* StacManShallowUser.m */; };
		B9E0FB0A1705D49400478677 /* StacManConstants.h in Headers */ = {isa = PBXBuildFile; fileRef = B9E0FB081705D49400478677 /* StacManConstants.h */; };
		B9E0FB0D1705D4DE00478677 /* StacManConstants.m in Sources */ = {isa = PBXBuildFile; fileRef = B9E0FB0C1705D4DE00478677 /* StacManConstants.m */; };
		B9E0FB101705D72700478677 /* StacManMigrationInfo.h in Headers */ = {isa = PBXBuildFile; fileRef = B9E0FB0E1705D72700478677 /* StacManMigrationInfo.h */; };
		B9E0FB111705D72700478677 /* StacManMigrationInfo.m in Sources */ = {isa = PBXBuildFile; fileRef = B9E0FB0F1705D72700478677 /* StacManMigrationInfo.m */; };
		B9E0FB141705D79300478677 /* StacManSite.h in Headers */ = {isa = PBXBuildFile; fileRef = B9E0FB121705D79300478677 /* StacManSite.h */; };
		B9E0FB151705D79300478677 /* StacManSite.m in Sources */ = {isa = PBXBuildFile; fileRef = B9E0FB131705D79300478677 /* StacManSite.m */; };
		B9E0FB181705D8E600478677 /* StacManStyling.h in Headers */ = {isa = PBXBuildFile; fileRef = B9E0FB161705D8E600478677 /* StacManStyling.h */; };
		B9E0FB191705D8E600478677 /* StacManStyling.m in Sources */ = {isa = PBXBuildFile; fileRef = B9E0FB171705D8E600478677 /* StacManStyling.m */; };
		B9E0FB1C1705DB4D00478677 /* Utils.h in Headers */ = {isa = PBXBuildFile; fileRef = B9E0FB1A1705DB4D00478677 /* Utils.h */; };
		B9E0FB1D1705DB4D00478677 /* Utils.m in Sources */ = {isa = PBXBuildFile; fileRef = B9E0FB1B1705DB4D00478677 /* Utils.m */; };
		B9E0FB201705DFBF00478677 /* StacManRelatedSite.h in Headers */ = {isa = PBXBuildFile; fileRef = B9E0FB1E1705DFBE00478677 /* StacManRelatedSite.h */; };
		B9E0FB211705DFBF00478677 /* StacManRelatedSite.m in Sources */ = {isa = PBXBuildFile; fileRef = B9E0FB1F1705DFBF00478677 /* StacManRelatedSite.m */; };
		B9E4C54E1709C9FB00F78DC0 /* StacManAnswer.h in Headers */ = {isa = PBXBuildFile; fileRef = B9E4C54C1709C9FB00F78DC0 /* StacManAnswer.h */; };
		B9E4C54F1709C9FB00F78DC0 /* StacManAnswer.m in Sources */ = {isa = PBXBuildFile; fileRef = B9E4C54D1709C9FB00F78DC0 /* StacManAnswer.m */; };
		B9E4C5521709CBFF00F78DC0 /* StacManComment.h in Headers */ = {isa = PBXBuildFile; fileRef = B9E4C5501709CBFF00F78DC0 /* StacManComment.h */; };
		B9E4C5531709CBFF00F78DC0 /* StacManComment.m in Sources */ = {isa = PBXBuildFile; fileRef = B9E4C5511709CBFF00F78DC0 /* StacManComment.m */; };
		B9E4C5561709CFE600F78DC0 /* StacManQuestionTimeline.h in Headers */ = {isa = PBXBuildFile; fileRef = B9E4C5541709CFE600F78DC0 /* StacManQuestionTimeline.h */; };
		B9E4C5571709CFE600F78DC0 /* StacManQuestionTimeline.m in Sources */ = {isa = PBXBuildFile; fileRef = B9E4C5551709CFE600F78DC0 /* StacManQuestionTimeline.m */; };
		B9E4C55A1709D15500F78DC0 /* StacMan.h in Headers */ = {isa = PBXBuildFile; fileRef = B9E4C5581709D15400F78DC0 /* StacMan.h */; settings = {ATTRIBUTES = (Public, ); }; };
		B9E4C55E1709EA2700F78DC0 /* StacManUserMethods.h in Headers */ = {isa = PBXBuildFile; fileRef = B9E4C55C1709EA2600F78DC0 /* StacManUserMethods.h */; };
		B9E4C55F1709EA2700F78DC0 /* StacManUserMethods.m in Sources */ = {isa = PBXBuildFile; fileRef = B9E4C55D1709EA2700F78DC0 /* StacManUserMethods.m */; };
		B9E4C5621709F1AF00F78DC0 /* StacManUser.h in Headers */ = {isa = PBXBuildFile; fileRef = B9E4C5601709F1AF00F78DC0 /* StacManUser.h */; };
		B9E4C5631709F1AF00F78DC0 /* StacManUser.m in Sources */ = {isa = PBXBuildFile; fileRef = B9E4C5611709F1AF00F78DC0 /* StacManUser.m */; };
		B9E4C5661709F28E00F78DC0 /* StacManBadgeCount.h in Headers */ = {isa = PBXBuildFile; fileRef = B9E4C5641709F28E00F78DC0 /* StacManBadgeCount.h */; };
		B9E4C5671709F28E00F78DC0 /* StacManBadgeCount.m in Sources */ = {isa = PBXBuildFile; fileRef = B9E4C5651709F28E00F78DC0 /* StacManBadgeCount.m */; };
		B9E4C56A170A106300F78DC0 /* StacManBadge.h in Headers */ = {isa = PBXBuildFile; fileRef = B9E4C568170A106200F78DC0 /* StacManBadge.h */; };
		B9E4C56B170A106300F78DC0 /* StacManBadge.m in Sources */ = {isa = PBXBuildFile; fileRef = B9E4C569170A106200F78DC0 /* StacManBadge.m */; };
		B9E4C56E170A11C500F78DC0 /* StacManPrivilege.h in Headers */ = {isa = PBXBuildFile; fileRef = B9E4C56C170A11C400F78DC0 /* StacManPrivilege.h */; };
		B9E4C56F170A11C500F78DC0 /* StacManPrivilege.m in Sources */ = {isa = PBXBuildFile; fileRef = B9E4C56D170A11C400F78DC0 /* StacManPrivilege.m */; };
		B9E4C572170A12DE00F78DC0 /* StacManReputation.h in Headers */ = {isa = PBXBuildFile; fileRef = B9E4C570170A12DD00F78DC0 /* StacManReputation.h */; };
		B9E4C573170A12DE00F78DC0 /* StacManReputation.m in Sources */ = {isa = PBXBuildFile; fileRef = B9E4C571170A12DE00F78DC0 /* StacManReputation.m */; };
		B9E4C576170A13CA00F78DC0 /* StacManSuggestedEdit.h in Headers */ = {isa = PBXBuildFile; fileRef = B9E4C574170A13C900F78DC0 /* StacManSuggestedEdit.h */; };
		B9E4C577170A13CA00F78DC0 /* StacManSuggestedEdit.m in Sources */ = {isa = PBXBuildFile; fileRef = B9E4C575170A13C900F78DC0 /* StacManSuggestedEdit.m */; };
		B9E4C57A170A179200F78DC0 /* StacManTag.h in Headers */ = {isa = PBXBuildFile; fileRef = B9E4C578170A179000F78DC0 /* StacManTag.h */; };
		B9E4C57B170A179200F78DC0 /* StacManTag.m in Sources */ = {isa = PBXBuildFile; fileRef = B9E4C579170A179100F78DC0 /* StacManTag.m */; };
		B9E4C57E170A18F300F78DC0 /* StacManUserTimeline.h in Headers */ = {isa = PBXBuildFile; fileRef = B9E4C57C170A18F200F78DC0 /* StacManUserTimeline.h */; };
		B9E4C57F170A18F300F78DC0 /* StacManUserTimeline.m in Sources */ = {isa = PBXBuildFile; fileRef = B9E4C57D170A18F300F78DC0 /* StacManUserTimeline.m */; };
		B9E4C582170A1A2700F78DC0 /* StacManTopTag.h in Headers */ = {isa = PBXBuildFile; fileRef = B9E4C580170A1A2500F78DC0 /* StacManTopTag.h */; };
		B9E4C583170A1A2700F78DC0 /* StacManTopTag.m in Sources */ = {isa = PBXBuildFile; fileRef = B9E4C581170A1A2600F78DC0 /* StacManTopTag.m */; };
		B9E4C586170A1B9D00F78DC0 /* StacManInboxItem.h in Headers */ = {isa = PBXBuildFile; fileRef = B9E4C584170A1B9B00F78DC0 /* StacManInboxItem.h */; };
		B9E4C587170A1B9D00F78DC0 /* StacManInboxItem.m in Sources */ = {isa = PBXBuildFile; fileRef = B9E4C585170A1B9C00F78DC0 /* StacManInboxItem.m */; };
		B9E4C58A170A1D1200F78DC0 /* StacManNetworkUser.h in Headers */ = {isa = PBXBuildFile; fileRef = B9E4C588170A1D1100F78DC0 /* StacManNetworkUser.h */; };
		B9E4C58B170A1D1200F78DC0 /* StacManNetworkUser.m in Sources */ = {isa = PBXBuildFile; fileRef = B9E4C589170A1D1100F78DC0 /* StacManNetworkUser.m */; };
/* End PBXBuildFile section */

/* Begin PBXContainerItemProxy section */
		B99211731704A6A900BEB0D2 /* PBXContainerItemProxy */ = {
			isa = PBXContainerItemProxy;
			containerPortal = B99211521704A6A800BEB0D2 /* Project object */;
			proxyType = 1;
			remoteGlobalIDString = B992115A1704A6A800BEB0D2;
			remoteInfo = StacMan;
		};
/* End PBXContainerItemProxy section */

/* Begin PBXFileReference section */
		8F11D0F417E7E39E00F0E074 /* NSString+Web.h */ = {isa = PBXFileReference; fileEncoding = 4; lastKnownFileType = sourcecode.c.h; path = "NSString+Web.h"; sourceTree = "<group>"; };
		8F11D0F517E7E39E00F0E074 /* NSString+Web.m */ = {isa = PBXFileReference; fileEncoding = 4; lastKnownFileType = sourcecode.c.objc; path = "NSString+Web.m"; sourceTree = "<group>"; };
		8F11D0FA17E8B0F400F0E074 /* SM_GTMNSString+HTML.h */ = {isa = PBXFileReference; fileEncoding = 4; lastKnownFileType = sourcecode.c.h; path = "SM_GTMNSString+HTML.h"; sourceTree = "<group>"; };
		8F11D0FB17E8B0F400F0E074 /* SM_GTMNSString+HTML.m */ = {isa = PBXFileReference; fileEncoding = 4; lastKnownFileType = sourcecode.c.objc; path = "SM_GTMNSString+HTML.m"; sourceTree = "<group>"; };
		8F17D03217E75F6A0027D940 /* libStacMan-static.a */ = {isa = PBXFileReference; explicitFileType = archive.ar; includeInIndex = 0; path = "libStacMan-static.a"; sourceTree = BUILT_PRODUCTS_DIR; };
		8F17D03317E75F6A0027D940 /* Foundation.framework */ = {isa = PBXFileReference; lastKnownFileType = wrapper.framework; name = Foundation.framework; path = System/Library/Frameworks/Foundation.framework; sourceTree = SDKROOT; };
		8F17D04117E75F6A0027D940 /* XCTest.framework */ = {isa = PBXFileReference; lastKnownFileType = wrapper.framework; name = XCTest.framework; path = Library/Frameworks/XCTest.framework; sourceTree = DEVELOPER_DIR; };
		B9379790170B0BC00058127A /* StacManSiteMethods.h */ = {isa = PBXFileReference; fileEncoding = 4; lastKnownFileType = sourcecode.c.h; path = StacManSiteMethods.h; sourceTree = "<group>"; };
		B9379791170B0BC00058127A /* StacManSiteMethods.m */ = {isa = PBXFileReference; fileEncoding = 4; lastKnownFileType = sourcecode.c.objc; path = StacManSiteMethods.m; sourceTree = "<group>"; };
		B9379794170B0D590058127A /* StacManAccessTokenMethods.h */ = {isa = PBXFileReference; fileEncoding = 4; lastKnownFileType = sourcecode.c.h; path = StacManAccessTokenMethods.h; sourceTree = "<group>"; };
		B9379795170B0D590058127A /* StacManAccessTokenMethods.m */ = {isa = PBXFileReference; fileEncoding = 4; lastKnownFileType = sourcecode.c.objc; path = StacManAccessTokenMethods.m; sourceTree = "<group>"; };
		B9379798170B0DE90058127A /* StacManAccessToken.h */ = {isa = PBXFileReference; fileEncoding = 4; lastKnownFileType = sourcecode.c.h; path = StacManAccessToken.h; sourceTree = "<group>"; };
		B9379799170B0DE90058127A /* StacManAccessToken.m */ = {isa = PBXFileReference; fileEncoding = 4; lastKnownFileType = sourcecode.c.objc; path = StacManAccessToken.m; sourceTree = "<group>"; };
		B93797A1170B22150058127A /* StacManDelegate.h */ = {isa = PBXFileReference; lastKnownFileType = sourcecode.c.h; path = StacManDelegate.h; sourceTree = "<group>"; };
		B93797A2170B2D780058127A /* StacManAnswerMethods.h */ = {isa = PBXFileReference; fileEncoding = 4; lastKnownFileType = sourcecode.c.h; path = StacManAnswerMethods.h; sourceTree = "<group>"; };
		B93797A3170B2D780058127A /* StacManAnswerMethods.m */ = {isa = PBXFileReference; fileEncoding = 4; lastKnownFileType = sourcecode.c.objc; path = StacManAnswerMethods.m; sourceTree = "<group>"; };
		B93797A6170B2FBE0058127A /* StacManApplicationMethods.h */ = {isa = PBXFileReference; fileEncoding = 4; lastKnownFileType = sourcecode.c.h; path = StacManApplicationMethods.h; sourceTree = "<group>"; };
		B93797A7170B2FBF0058127A /* StacManApplicationMethods.m */ = {isa = PBXFileReference; fileEncoding = 4; lastKnownFileType = sourcecode.c.objc; path = StacManApplicationMethods.m; sourceTree = "<group>"; };
		B93797AA170B30FB0058127A /* StacManBadgeMethods.h */ = {isa = PBXFileReference; fileEncoding = 4; lastKnownFileType = sourcecode.c.h; path = StacManBadgeMethods.h; sourceTree = "<group>"; };
		B93797AB170B30FB0058127A /* StacManBadgeMethods.m */ = {isa = PBXFileReference; fileEncoding = 4; lastKnownFileType = sourcecode.c.objc; path = StacManBadgeMethods.m; sourceTree = "<group>"; };
		B93797AE170B34EC0058127A /* StacManCommentMethods.h */ = {isa = PBXFileReference; fileEncoding = 4; lastKnownFileType = sourcecode.c.h; path = StacManCommentMethods.h; sourceTree = "<group>"; };
		B93797AF170B34EC0058127A /* StacManCommentMethods.m */ = {isa = PBXFileReference; fileEncoding = 4; lastKnownFileType = sourcecode.c.objc; path = StacManCommentMethods.m; sourceTree = "<group>"; };
		B93797B2170B36840058127A /* StacManErrorMethods.h */ = {isa = PBXFileReference; fileEncoding = 4; lastKnownFileType = sourcecode.c.h; path = StacManErrorMethods.h; sourceTree = "<group>"; };
		B93797B3170B36840058127A /* StacManErrorMethods.m */ = {isa = PBXFileReference; fileEncoding = 4; lastKnownFileType = sourcecode.c.objc; path = StacManErrorMethods.m; sourceTree = "<group>"; };
		B93797B6170B37B90058127A /* StacManError.h */ = {isa = PBXFileReference; fileEncoding = 4; lastKnownFileType = sourcecode.c.h; path = StacManError.h; sourceTree = "<group>"; };
		B93797B7170B37B90058127A /* StacManError.m */ = {isa = PBXFileReference; fileEncoding = 4; lastKnownFileType = sourcecode.c.objc; path = StacManError.m; sourceTree = "<group>"; };
		B93797BA170B38F40058127A /* StacManEventMethods.h */ = {isa = PBXFileReference; fileEncoding = 4; lastKnownFileType = sourcecode.c.h; path = StacManEventMethods.h; sourceTree = "<group>"; };
		B93797BB170B38F50058127A /* StacManEventMethods.m */ = {isa = PBXFileReference; fileEncoding = 4; lastKnownFileType = sourcecode.c.objc; path = StacManEventMethods.m; sourceTree = "<group>"; };
		B93797BE170B39F50058127A /* StacManEvent.h */ = {isa = PBXFileReference; fileEncoding = 4; lastKnownFileType = sourcecode.c.h; path = StacManEvent.h; sourceTree = "<group>"; };
		B93797BF170B39F50058127A /* StacManEvent.m */ = {isa = PBXFileReference; fileEncoding = 4; lastKnownFileType = sourcecode.c.objc; path = StacManEvent.m; sourceTree = "<group>"; };
		B93797C2170B42E40058127A /* StacManFilterMethods.h */ = {isa = PBXFileReference; fileEncoding = 4; lastKnownFileType = sourcecode.c.h; path = StacManFilterMethods.h; sourceTree = "<group>"; };
		B93797C3170B42E40058127A /* StacManFilterMethods.m */ = {isa = PBXFileReference; fileEncoding = 4; lastKnownFileType = sourcecode.c.objc; path = StacManFilterMethods.m; sourceTree = "<group>"; };
		B93797C6170B44C30058127A /* StacManFilter.h */ = {isa = PBXFileReference; fileEncoding = 4; lastKnownFileType = sourcecode.c.h; path = StacManFilter.h; sourceTree = "<group>"; };
		B93797C7170B44C30058127A /* StacManFilter.m */ = {isa = PBXFileReference; fileEncoding = 4; lastKnownFileType = sourcecode.c.objc; path = StacManFilter.m; sourceTree = "<group>"; };
		B93797CB170B465B0058127A /* StacManInboxMethods.h */ = {isa = PBXFileReference; fileEncoding = 4; lastKnownFileType = sourcecode.c.h; path = StacManInboxMethods.h; sourceTree = "<group>"; };
		B93797CC170B465B0058127A /* StacManInboxMethods.m */ = {isa = PBXFileReference; fileEncoding = 4; lastKnownFileType = sourcecode.c.objc; path = StacManInboxMethods.m; sourceTree = "<group>"; };
		B93797CF170B47770058127A /* StacManInfoMethods.h */ = {isa = PBXFileReference; fileEncoding = 4; lastKnownFileType = sourcecode.c.h; path = StacManInfoMethods.h; sourceTree = "<group>"; };
		B93797D0170B47770058127A /* StacManInfoMethods.m */ = {isa = PBXFileReference; fileEncoding = 4; lastKnownFileType = sourcecode.c.objc; path = StacManInfoMethods.m; sourceTree = "<group>"; };
		B93797D3170B48180058127A /* StacManInfo.h */ = {isa = PBXFileReference; fileEncoding = 4; lastKnownFileType = sourcecode.c.h; path = StacManInfo.h; sourceTree = "<group>"; };
		B93797D4170B48180058127A /* StacManInfo.m */ = {isa = PBXFileReference; fileEncoding = 4; lastKnownFileType = sourcecode.c.objc; path = StacManInfo.m; sourceTree = "<group>"; };
		B93797D7170B49ED0058127A /* StacManPostMethods.h */ = {isa = PBXFileReference; fileEncoding = 4; lastKnownFileType = sourcecode.c.h; path = StacManPostMethods.h; sourceTree = "<group>"; };
		B93797D8170B49ED0058127A /* StacManPostMethods.m */ = {isa = PBXFileReference; fileEncoding = 4; lastKnownFileType = sourcecode.c.objc; path = StacManPostMethods.m; sourceTree = "<group>"; };
		B93797DB170B4B690058127A /* StacManPost.h */ = {isa = PBXFileReference; fileEncoding = 4; lastKnownFileType = sourcecode.c.h; path = StacManPost.h; sourceTree = "<group>"; };
		B93797DC170B4B690058127A /* StacManPost.m */ = {isa = PBXFileReference; fileEncoding = 4; lastKnownFileType = sourcecode.c.objc; path = StacManPost.m; sourceTree = "<group>"; };
		B93797DF170B4CDB0058127A /* StacManRevision.h */ = {isa = PBXFileReference; fileEncoding = 4; lastKnownFileType = sourcecode.c.h; path = StacManRevision.h; sourceTree = "<group>"; };
		B93797E0170B4CDB0058127A /* StacManRevision.m */ = {isa = PBXFileReference; fileEncoding = 4; lastKnownFileType = sourcecode.c.objc; path = StacManRevision.m; sourceTree = "<group>"; };
		B93797E3170B4E710058127A /* StacManPrivilegeMethods.h */ = {isa = PBXFileReference; fileEncoding = 4; lastKnownFileType = sourcecode.c.h; path = StacManPrivilegeMethods.h; sourceTree = "<group>"; };
		B93797E4170B4E710058127A /* StacManPrivilegeMethods.m */ = {isa = PBXFileReference; fileEncoding = 4; lastKnownFileType = sourcecode.c.objc; path = StacManPrivilegeMethods.m; sourceTree = "<group>"; };
		B93797E7170B4F420058127A /* StacManRevisionMethods.h */ = {isa = PBXFileReference; fileEncoding = 4; lastKnownFileType = sourcecode.c.h; path = StacManRevisionMethods.h; sourceTree = "<group>"; };
		B93797E8170B4F430058127A /* StacManRevisionMethods.m */ = {isa = PBXFileReference; fileEncoding = 4; lastKnownFileType = sourcecode.c.objc; path = StacManRevisionMethods.m; sourceTree = "<group>"; };
		B93797EB170B50440058127A /* StacManSearchMethods.h */ = {isa = PBXFileReference; fileEncoding = 4; lastKnownFileType = sourcecode.c.h; path = StacManSearchMethods.h; sourceTree = "<group>"; };
		B93797EC170B50450058127A /* StacManSearchMethods.m */ = {isa = PBXFileReference; fileEncoding = 4; lastKnownFileType = sourcecode.c.objc; path = StacManSearchMethods.m; sourceTree = "<group>"; };
		B93797EF170B534D0058127A /* StacManSuggestedEditMethods.h */ = {isa = PBXFileReference; fileEncoding = 4; lastKnownFileType = sourcecode.c.h; path = StacManSuggestedEditMethods.h; sourceTree = "<group>"; };
		B93797F0170B534D0058127A /* StacManSuggestedEditMethods.m */ = {isa = PBXFileReference; fileEncoding = 4; lastKnownFileType = sourcecode.c.objc; path = StacManSuggestedEditMethods.m; sourceTree = "<group>"; };
		B93797F3170B5AC50058127A /* StacManTagMethods.h */ = {isa = PBXFileReference; fileEncoding = 4; lastKnownFileType = sourcecode.c.h; path = StacManTagMethods.h; sourceTree = "<group>"; };
		B93797F4170B5AC60058127A /* StacManTagMethods.m */ = {isa = PBXFileReference; fileEncoding = 4; lastKnownFileType = sourcecode.c.objc; path = StacManTagMethods.m; sourceTree = "<group>"; };
		B93797F7170B5DD20058127A /* StacManTagSynonym.h */ = {isa = PBXFileReference; fileEncoding = 4; lastKnownFileType = sourcecode.c.h; path = StacManTagSynonym.h; sourceTree = "<group>"; };
		B93797F8170B5DD30058127A /* StacManTagSynonym.m */ = {isa = PBXFileReference; fileEncoding = 4; lastKnownFileType = sourcecode.c.objc; path = StacManTagSynonym.m; sourceTree = "<group>"; };
		B93797FB170B5F2E0058127A /* StacManTagScore.h */ = {isa = PBXFileReference; fileEncoding = 4; lastKnownFileType = sourcecode.c.h; path = StacManTagScore.h; sourceTree = "<group>"; };
		B93797FC170B5F2E0058127A /* StacManTagScore.m */ = {isa = PBXFileReference; fileEncoding = 4; lastKnownFileType = sourcecode.c.objc; path = StacManTagScore.m; sourceTree = "<group>"; };
		B93797FF170B60510058127A /* StacManTagWiki.h */ = {isa = PBXFileReference; fileEncoding = 4; lastKnownFileType = sourcecode.c.h; path = StacManTagWiki.h; sourceTree = "<group>"; };
		B9379800170B60520058127A /* StacManTagWiki.m */ = {isa = PBXFileReference; fileEncoding = 4; lastKnownFileType = sourcecode.c.objc; path = StacManTagWiki.m; sourceTree = "<group>"; };
		B992115B1704A6A800BEB0D2 /* StacMan.dylib */ = {isa = PBXFileReference; explicitFileType = "compiled.mach-o.dylib"; includeInIndex = 0; path = StacMan.dylib; sourceTree = BUILT_PRODUCTS_DIR; };
		B992115E1704A6A800BEB0D2 /* Cocoa.framework */ = {isa = PBXFileReference; lastKnownFileType = wrapper.framework; name = Cocoa.framework; path = System/Library/Frameworks/Cocoa.framework; sourceTree = SDKROOT; };
		B99211611704A6A800BEB0D2 /* AppKit.framework */ = {isa = PBXFileReference; lastKnownFileType = wrapper.framework; name = AppKit.framework; path = System/Library/Frameworks/AppKit.framework; sourceTree = SDKROOT; };
		B99211621704A6A800BEB0D2 /* CoreData.framework */ = {isa = PBXFileReference; lastKnownFileType = wrapper.framework; name = CoreData.framework; path = System/Library/Frameworks/CoreData.framework; sourceTree = SDKROOT; };
		B99211631704A6A800BEB0D2 /* Foundation.framework */ = {isa = PBXFileReference; lastKnownFileType = wrapper.framework; name = Foundation.framework; path = System/Library/Frameworks/Foundation.framework; sourceTree = SDKROOT; };
		B99211661704A6A800BEB0D2 /* StacMan-Prefix.pch */ = {isa = PBXFileReference; lastKnownFileType = sourcecode.c.h; path = "StacMan-Prefix.pch"; sourceTree = "<group>"; };
		B99211671704A6A900BEB0D2 /* StacManClient.h */ = {isa = PBXFileReference; lastKnownFileType = sourcecode.c.h; path = StacManClient.h; sourceTree = "<group>"; };
		B99211681704A6A900BEB0D2 /* StacManClient.m */ = {isa = PBXFileReference; lastKnownFileType = sourcecode.c.objc; path = StacManClient.m; sourceTree = "<group>"; };
		B992116F1704A6A900BEB0D2 /* StacManTests.octest */ = {isa = PBXFileReference; explicitFileType = wrapper.cfbundle; includeInIndex = 0; path = StacManTests.octest; sourceTree = BUILT_PRODUCTS_DIR; };
		B99211701704A6A900BEB0D2 /* SenTestingKit.framework */ = {isa = PBXFileReference; lastKnownFileType = wrapper.framework; name = SenTestingKit.framework; path = Library/Frameworks/SenTestingKit.framework; sourceTree = DEVELOPER_DIR; };
		B99211781704A6A900BEB0D2 /* StacManTests-Info.plist */ = {isa = PBXFileReference; lastKnownFileType = text.plist.xml; path = "StacManTests-Info.plist"; sourceTree = "<group>"; };
		B992117A1704A6A900BEB0D2 /* en */ = {isa = PBXFileReference; lastKnownFileType = text.plist.strings; name = en; path = en.lproj/InfoPlist.strings; sourceTree = "<group>"; };
		B992117C1704A6A900BEB0D2 /* StacManTests.h */ = {isa = PBXFileReference; lastKnownFileType = sourcecode.c.h; path = StacManTests.h; sourceTree = "<group>"; };
		B992117D1704A6A900BEB0D2 /* StacManTests.m */ = {isa = PBXFileReference; lastKnownFileType = sourcecode.c.objc; path = StacManTests.m; sourceTree = "<group>"; };
		B99211871704A7B500BEB0D2 /* StacManQuestionMethods.h */ = {isa = PBXFileReference; fileEncoding = 4; lastKnownFileType = sourcecode.c.h; path = StacManQuestionMethods.h; sourceTree = "<group>"; };
		B99211881704A7B500BEB0D2 /* StacManQuestionMethods.m */ = {isa = PBXFileReference; fileEncoding = 4; lastKnownFileType = sourcecode.c.objc; path = StacManQuestionMethods.m; sourceTree = "<group>"; };
		B992118B1704AA0000BEB0D2 /* StacManResponse.h */ = {isa = PBXFileReference; fileEncoding = 4; lastKnownFileType = sourcecode.c.h; path = StacManResponse.h; sourceTree = "<group>"; };
		B992118C1704AA0000BEB0D2 /* StacManResponse.m */ = {isa = PBXFileReference; fileEncoding = 4; lastKnownFileType = sourcecode.c.objc; path = StacManResponse.m; sourceTree = "<group>"; };
		B992118F1704AA9B00BEB0D2 /* StacManWrapper.h */ = {isa = PBXFileReference; fileEncoding = 4; lastKnownFileType = sourcecode.c.h; path = StacManWrapper.h; sourceTree = "<group>"; };
		B99211901704AA9B00BEB0D2 /* StacManWrapper.m */ = {isa = PBXFileReference; fileEncoding = 4; lastKnownFileType = sourcecode.c.objc; path = StacManWrapper.m; sourceTree = "<group>"; };
		B99211931704AD4500BEB0D2 /* StacManQuestion.h */ = {isa = PBXFileReference; fileEncoding = 4; lastKnownFileType = sourcecode.c.h; path = StacManQuestion.h; sourceTree = "<group>"; };
		B99211941704AD4500BEB0D2 /* StacManQuestion.m */ = {isa = PBXFileReference; fileEncoding = 4; lastKnownFileType = sourcecode.c.objc; path = StacManQuestion.m; sourceTree = "<group>"; };
		B997EF261704CD360074637A /* PropertySetter.m */ = {isa = PBXFileReference; fileEncoding = 4; lastKnownFileType = sourcecode.c.objc; path = PropertySetter.m; sourceTree = "<group>"; };
		B997EF281704CD400074637A /* PropertySetter.h */ = {isa = PBXFileReference; lastKnownFileType = sourcecode.c.h; path = PropertySetter.h; sourceTree = "<group>"; };
		B9E0FB041705D3BF00478677 /* StacManShallowUser.h */ = {isa = PBXFileReference; fileEncoding = 4; lastKnownFileType = sourcecode.c.h; path = StacManShallowUser.h; sourceTree = "<group>"; };
		B9E0FB051705D3BF00478677 /* StacManShallowUser.m */ = {isa = PBXFileReference; fileEncoding = 4; lastKnownFileType = sourcecode.c.objc; path = StacManShallowUser.m; sourceTree = "<group>"; };
		B9E0FB081705D49400478677 /* StacManConstants.h */ = {isa = PBXFileReference; fileEncoding = 4; lastKnownFileType = sourcecode.c.h; path = StacManConstants.h; sourceTree = "<group>"; };
		B9E0FB0C1705D4DE00478677 /* StacManConstants.m */ = {isa = PBXFileReference; fileEncoding = 4; lastKnownFileType = sourcecode.c.objc; path = StacManConstants.m; sourceTree = "<group>"; };
		B9E0FB0E1705D72700478677 /* StacManMigrationInfo.h */ = {isa = PBXFileReference; fileEncoding = 4; lastKnownFileType = sourcecode.c.h; path = StacManMigrationInfo.h; sourceTree = "<group>"; };
		B9E0FB0F1705D72700478677 /* StacManMigrationInfo.m */ = {isa = PBXFileReference; fileEncoding = 4; lastKnownFileType = sourcecode.c.objc; path = StacManMigrationInfo.m; sourceTree = "<group>"; };
		B9E0FB121705D79300478677 /* StacManSite.h */ = {isa = PBXFileReference; fileEncoding = 4; lastKnownFileType = sourcecode.c.h; path = StacManSite.h; sourceTree = "<group>"; };
		B9E0FB131705D79300478677 /* StacManSite.m */ = {isa = PBXFileReference; fileEncoding = 4; lastKnownFileType = sourcecode.c.objc; path = StacManSite.m; sourceTree = "<group>"; };
		B9E0FB161705D8E600478677 /* StacManStyling.h */ = {isa = PBXFileReference; fileEncoding = 4; lastKnownFileType = sourcecode.c.h; path = StacManStyling.h; sourceTree = "<group>"; };
		B9E0FB171705D8E600478677 /* StacManStyling.m */ = {isa = PBXFileReference; fileEncoding = 4; lastKnownFileType = sourcecode.c.objc; path = StacManStyling.m; sourceTree = "<group>"; };
		B9E0FB1A1705DB4D00478677 /* Utils.h */ = {isa = PBXFileReference; fileEncoding = 4; lastKnownFileType = sourcecode.c.h; path = Utils.h; sourceTree = "<group>"; };
		B9E0FB1B1705DB4D00478677 /* Utils.m */ = {isa = PBXFileReference; fileEncoding = 4; lastKnownFileType = sourcecode.c.objc; path = Utils.m; sourceTree = "<group>"; };
		B9E0FB1E1705DFBE00478677 /* StacManRelatedSite.h */ = {isa = PBXFileReference; fileEncoding = 4; lastKnownFileType = sourcecode.c.h; path = StacManRelatedSite.h; sourceTree = "<group>"; };
		B9E0FB1F1705DFBF00478677 /* StacManRelatedSite.m */ = {isa = PBXFileReference; fileEncoding = 4; lastKnownFileType = sourcecode.c.objc; path = StacManRelatedSite.m; sourceTree = "<group>"; };
		B9E4C54C1709C9FB00F78DC0 /* StacManAnswer.h */ = {isa = PBXFileReference; fileEncoding = 4; lastKnownFileType = sourcecode.c.h; path = StacManAnswer.h; sourceTree = "<group>"; };
		B9E4C54D1709C9FB00F78DC0 /* StacManAnswer.m */ = {isa = PBXFileReference; fileEncoding = 4; lastKnownFileType = sourcecode.c.objc; path = StacManAnswer.m; sourceTree = "<group>"; };
		B9E4C5501709CBFF00F78DC0 /* StacManComment.h */ = {isa = PBXFileReference; fileEncoding = 4; lastKnownFileType = sourcecode.c.h; path = StacManComment.h; sourceTree = "<group>"; };
		B9E4C5511709CBFF00F78DC0 /* StacManComment.m */ = {isa = PBXFileReference; fileEncoding = 4; lastKnownFileType = sourcecode.c.objc; path = StacManComment.m; sourceTree = "<group>"; };
		B9E4C5541709CFE600F78DC0 /* StacManQuestionTimeline.h */ = {isa = PBXFileReference; fileEncoding = 4; lastKnownFileType = sourcecode.c.h; path = StacManQuestionTimeline.h; sourceTree = "<group>"; };
		B9E4C5551709CFE600F78DC0 /* StacManQuestionTimeline.m */ = {isa = PBXFileReference; fileEncoding = 4; lastKnownFileType = sourcecode.c.objc; path = StacManQuestionTimeline.m; sourceTree = "<group>"; };
		B9E4C5581709D15400F78DC0 /* StacMan.h */ = {isa = PBXFileReference; fileEncoding = 4; lastKnownFileType = sourcecode.c.h; path = StacMan.h; sourceTree = "<group>"; };
		B9E4C55C1709EA2600F78DC0 /* StacManUserMethods.h */ = {isa = PBXFileReference; fileEncoding = 4; lastKnownFileType = sourcecode.c.h; path = StacManUserMethods.h; sourceTree = "<group>"; };
		B9E4C55D1709EA2700F78DC0 /* StacManUserMethods.m */ = {isa = PBXFileReference; fileEncoding = 4; lastKnownFileType = sourcecode.c.objc; path = StacManUserMethods.m; sourceTree = "<group>"; };
		B9E4C5601709F1AF00F78DC0 /* StacManUser.h */ = {isa = PBXFileReference; fileEncoding = 4; lastKnownFileType = sourcecode.c.h; path = StacManUser.h; sourceTree = "<group>"; };
		B9E4C5611709F1AF00F78DC0 /* StacManUser.m */ = {isa = PBXFileReference; fileEncoding = 4; lastKnownFileType = sourcecode.c.objc; path = StacManUser.m; sourceTree = "<group>"; };
		B9E4C5641709F28E00F78DC0 /* StacManBadgeCount.h */ = {isa = PBXFileReference; fileEncoding = 4; lastKnownFileType = sourcecode.c.h; path = StacManBadgeCount.h; sourceTree = "<group>"; };
		B9E4C5651709F28E00F78DC0 /* StacManBadgeCount.m */ = {isa = PBXFileReference; fileEncoding = 4; lastKnownFileType = sourcecode.c.objc; path = StacManBadgeCount.m; sourceTree = "<group>"; };
		B9E4C568170A106200F78DC0 /* StacManBadge.h */ = {isa = PBXFileReference; fileEncoding = 4; lastKnownFileType = sourcecode.c.h; path = StacManBadge.h; sourceTree = "<group>"; };
		B9E4C569170A106200F78DC0 /* StacManBadge.m */ = {isa = PBXFileReference; fileEncoding = 4; lastKnownFileType = sourcecode.c.objc; path = StacManBadge.m; sourceTree = "<group>"; };
		B9E4C56C170A11C400F78DC0 /* StacManPrivilege.h */ = {isa = PBXFileReference; fileEncoding = 4; lastKnownFileType = sourcecode.c.h; path = StacManPrivilege.h; sourceTree = "<group>"; };
		B9E4C56D170A11C400F78DC0 /* StacManPrivilege.m */ = {isa = PBXFileReference; fileEncoding = 4; lastKnownFileType = sourcecode.c.objc; path = StacManPrivilege.m; sourceTree = "<group>"; };
		B9E4C570170A12DD00F78DC0 /* StacManReputation.h */ = {isa = PBXFileReference; fileEncoding = 4; lastKnownFileType = sourcecode.c.h; path = StacManReputation.h; sourceTree = "<group>"; };
		B9E4C571170A12DE00F78DC0 /* StacManReputation.m */ = {isa = PBXFileReference; fileEncoding = 4; lastKnownFileType = sourcecode.c.objc; path = StacManReputation.m; sourceTree = "<group>"; };
		B9E4C574170A13C900F78DC0 /* StacManSuggestedEdit.h */ = {isa = PBXFileReference; fileEncoding = 4; lastKnownFileType = sourcecode.c.h; path = StacManSuggestedEdit.h; sourceTree = "<group>"; };
		B9E4C575170A13C900F78DC0 /* StacManSuggestedEdit.m */ = {isa = PBXFileReference; fileEncoding = 4; lastKnownFileType = sourcecode.c.objc; path = StacManSuggestedEdit.m; sourceTree = "<group>"; };
		B9E4C578170A179000F78DC0 /* StacManTag.h */ = {isa = PBXFileReference; fileEncoding = 4; lastKnownFileType = sourcecode.c.h; path = StacManTag.h; sourceTree = "<group>"; };
		B9E4C579170A179100F78DC0 /* StacManTag.m */ = {isa = PBXFileReference; fileEncoding = 4; lastKnownFileType = sourcecode.c.objc; path = StacManTag.m; sourceTree = "<group>"; };
		B9E4C57C170A18F200F78DC0 /* StacManUserTimeline.h */ = {isa = PBXFileReference; fileEncoding = 4; lastKnownFileType = sourcecode.c.h; path = StacManUserTimeline.h; sourceTree = "<group>"; };
		B9E4C57D170A18F300F78DC0 /* StacManUserTimeline.m */ = {isa = PBXFileReference; fileEncoding = 4; lastKnownFileType = sourcecode.c.objc; path = StacManUserTimeline.m; sourceTree = "<group>"; };
		B9E4C580170A1A2500F78DC0 /* StacManTopTag.h */ = {isa = PBXFileReference; fileEncoding = 4; lastKnownFileType = sourcecode.c.h; path = StacManTopTag.h; sourceTree = "<group>"; };
		B9E4C581170A1A2600F78DC0 /* StacManTopTag.m */ = {isa = PBXFileReference; fileEncoding = 4; lastKnownFileType = sourcecode.c.objc; path = StacManTopTag.m; sourceTree = "<group>"; };
		B9E4C584170A1B9B00F78DC0 /* StacManInboxItem.h */ = {isa = PBXFileReference; fileEncoding = 4; lastKnownFileType = sourcecode.c.h; path = StacManInboxItem.h; sourceTree = "<group>"; };
		B9E4C585170A1B9C00F78DC0 /* StacManInboxItem.m */ = {isa = PBXFileReference; fileEncoding = 4; lastKnownFileType = sourcecode.c.objc; path = StacManInboxItem.m; sourceTree = "<group>"; };
		B9E4C588170A1D1100F78DC0 /* StacManNetworkUser.h */ = {isa = PBXFileReference; fileEncoding = 4; lastKnownFileType = sourcecode.c.h; path = StacManNetworkUser.h; sourceTree = "<group>"; };
		B9E4C589170A1D1100F78DC0 /* StacManNetworkUser.m */ = {isa = PBXFileReference; fileEncoding = 4; lastKnownFileType = sourcecode.c.objc; path = StacManNetworkUser.m; sourceTree = "<group>"; };
/* End PBXFileReference section */

/* Begin PBXFrameworksBuildPhase section */
		8F17D02F17E75F6A0027D940 /* Frameworks */ = {
			isa = PBXFrameworksBuildPhase;
			buildActionMask = 2147483647;
			files = (
				8F17D03417E75F6A0027D940 /* Foundation.framework in Frameworks */,
			);
			runOnlyForDeploymentPostprocessing = 0;
		};
		B99211581704A6A800BEB0D2 /* Frameworks */ = {
			isa = PBXFrameworksBuildPhase;
			buildActionMask = 2147483647;
			files = (
				B992115F1704A6A800BEB0D2 /* Cocoa.framework in Frameworks */,
			);
			runOnlyForDeploymentPostprocessing = 0;
		};
		B992116B1704A6A900BEB0D2 /* Frameworks */ = {
			isa = PBXFrameworksBuildPhase;
			buildActionMask = 2147483647;
			files = (
				B99211711704A6A900BEB0D2 /* SenTestingKit.framework in Frameworks */,
				B99211721704A6A900BEB0D2 /* Cocoa.framework in Frameworks */,
				B99211751704A6A900BEB0D2 /* StacMan.dylib in Frameworks */,
			);
			runOnlyForDeploymentPostprocessing = 0;
		};
/* End PBXFrameworksBuildPhase section */

/* Begin PBXGroup section */
		8F11D0F917E7E3A600F0E074 /* Categories */ = {
			isa = PBXGroup;
			children = (
				8F11D0FA17E8B0F400F0E074 /* SM_GTMNSString+HTML.h */,
				8F11D0FB17E8B0F400F0E074 /* SM_GTMNSString+HTML.m */,
				8F11D0F417E7E39E00F0E074 /* NSString+Web.h */,
				8F11D0F517E7E39E00F0E074 /* NSString+Web.m */,
			);
			name = Categories;
			sourceTree = "<group>";
		};
		B93797CA170B45E20058127A /* Methods */ = {
			isa = PBXGroup;
			children = (
				B99211871704A7B500BEB0D2 /* StacManQuestionMethods.h */,
				B99211881704A7B500BEB0D2 /* StacManQuestionMethods.m */,
				B9E4C55C1709EA2600F78DC0 /* StacManUserMethods.h */,
				B9E4C55D1709EA2700F78DC0 /* StacManUserMethods.m */,
				B9379790170B0BC00058127A /* StacManSiteMethods.h */,
				B9379791170B0BC00058127A /* StacManSiteMethods.m */,
				B9379794170B0D590058127A /* StacManAccessTokenMethods.h */,
				B9379795170B0D590058127A /* StacManAccessTokenMethods.m */,
				B93797A2170B2D780058127A /* StacManAnswerMethods.h */,
				B93797A3170B2D780058127A /* StacManAnswerMethods.m */,
				B93797A6170B2FBE0058127A /* StacManApplicationMethods.h */,
				B93797A7170B2FBF0058127A /* StacManApplicationMethods.m */,
				B93797AA170B30FB0058127A /* StacManBadgeMethods.h */,
				B93797AB170B30FB0058127A /* StacManBadgeMethods.m */,
				B93797AE170B34EC0058127A /* StacManCommentMethods.h */,
				B93797AF170B34EC0058127A /* StacManCommentMethods.m */,
				B93797B2170B36840058127A /* StacManErrorMethods.h */,
				B93797B3170B36840058127A /* StacManErrorMethods.m */,
				B93797BA170B38F40058127A /* StacManEventMethods.h */,
				B93797BB170B38F50058127A /* StacManEventMethods.m */,
				B93797C2170B42E40058127A /* StacManFilterMethods.h */,
				B93797C3170B42E40058127A /* StacManFilterMethods.m */,
				B93797CB170B465B0058127A /* StacManInboxMethods.h */,
				B93797CC170B465B0058127A /* StacManInboxMethods.m */,
				B93797CF170B47770058127A /* StacManInfoMethods.h */,
				B93797D0170B47770058127A /* StacManInfoMethods.m */,
				B93797D7170B49ED0058127A /* StacManPostMethods.h */,
				B93797D8170B49ED0058127A /* StacManPostMethods.m */,
				B93797E3170B4E710058127A /* StacManPrivilegeMethods.h */,
				B93797E4170B4E710058127A /* StacManPrivilegeMethods.m */,
				B93797E7170B4F420058127A /* StacManRevisionMethods.h */,
				B93797E8170B4F430058127A /* StacManRevisionMethods.m */,
				B93797EB170B50440058127A /* StacManSearchMethods.h */,
				B93797EC170B50450058127A /* StacManSearchMethods.m */,
				B93797EF170B534D0058127A /* StacManSuggestedEditMethods.h */,
				B93797F0170B534D0058127A /* StacManSuggestedEditMethods.m */,
				B93797F3170B5AC50058127A /* StacManTagMethods.h */,
				B93797F4170B5AC60058127A /* StacManTagMethods.m */,
			);
			name = Methods;
			sourceTree = "<group>";
		};
		B99211501704A6A800BEB0D2 = {
			isa = PBXGroup;
			children = (
				B99211641704A6A800BEB0D2 /* StacMan */,
				B99211761704A6A900BEB0D2 /* StacManTests */,
				B992115D1704A6A800BEB0D2 /* Frameworks */,
				B992115C1704A6A800BEB0D2 /* Products */,
			);
			sourceTree = "<group>";
		};
		B992115C1704A6A800BEB0D2 /* Products */ = {
			isa = PBXGroup;
			children = (
				B992115B1704A6A800BEB0D2 /* StacMan.dylib */,
				B992116F1704A6A900BEB0D2 /* StacManTests.octest */,
				8F17D03217E75F6A0027D940 /* libStacMan-static.a */,
			);
			name = Products;
			sourceTree = "<group>";
		};
		B992115D1704A6A800BEB0D2 /* Frameworks */ = {
			isa = PBXGroup;
			children = (
				B992115E1704A6A800BEB0D2 /* Cocoa.framework */,
				B99211701704A6A900BEB0D2 /* SenTestingKit.framework */,
				8F17D03317E75F6A0027D940 /* Foundation.framework */,
				8F17D04117E75F6A0027D940 /* XCTest.framework */,
				B99211601704A6A800BEB0D2 /* Other Frameworks */,
			);
			name = Frameworks;
			sourceTree = "<group>";
		};
		B99211601704A6A800BEB0D2 /* Other Frameworks */ = {
			isa = PBXGroup;
			children = (
				B99211611704A6A800BEB0D2 /* AppKit.framework */,
				B99211621704A6A800BEB0D2 /* CoreData.framework */,
				B99211631704A6A800BEB0D2 /* Foundation.framework */,
			);
			name = "Other Frameworks";
			sourceTree = "<group>";
		};
		B99211641704A6A800BEB0D2 /* StacMan */ = {
			isa = PBXGroup;
			children = (
				8F11D0F917E7E3A600F0E074 /* Categories */,
				B93797CA170B45E20058127A /* Methods */,
				B9E4C54B1709C9A100F78DC0 /* Models */,
				B99211671704A6A900BEB0D2 /* StacManClient.h */,
				B99211681704A6A900BEB0D2 /* StacManClient.m */,
				B99211651704A6A800BEB0D2 /* Supporting Files */,
				B992118B1704AA0000BEB0D2 /* StacManResponse.h */,
				B992118C1704AA0000BEB0D2 /* StacManResponse.m */,
				B992118F1704AA9B00BEB0D2 /* StacManWrapper.h */,
				B99211901704AA9B00BEB0D2 /* StacManWrapper.m */,
				B997EF261704CD360074637A /* PropertySetter.m */,
				B997EF281704CD400074637A /* PropertySetter.h */,
				B9E0FB081705D49400478677 /* StacManConstants.h */,
				B9E0FB0C1705D4DE00478677 /* StacManConstants.m */,
				B9E0FB1A1705DB4D00478677 /* Utils.h */,
				B9E0FB1B1705DB4D00478677 /* Utils.m */,
				B9E4C5581709D15400F78DC0 /* StacMan.h */,
				B93797A1170B22150058127A /* StacManDelegate.h */,
			);
			path = StacMan;
			sourceTree = "<group>";
		};
		B99211651704A6A800BEB0D2 /* Supporting Files */ = {
			isa = PBXGroup;
			children = (
				B99211661704A6A800BEB0D2 /* StacMan-Prefix.pch */,
			);
			name = "Supporting Files";
			sourceTree = "<group>";
		};
		B99211761704A6A900BEB0D2 /* StacManTests */ = {
			isa = PBXGroup;
			children = (
				B992117C1704A6A900BEB0D2 /* StacManTests.h */,
				B992117D1704A6A900BEB0D2 /* StacManTests.m */,
				B99211771704A6A900BEB0D2 /* Supporting Files */,
			);
			path = StacManTests;
			sourceTree = "<group>";
		};
		B99211771704A6A900BEB0D2 /* Supporting Files */ = {
			isa = PBXGroup;
			children = (
				B99211781704A6A900BEB0D2 /* StacManTests-Info.plist */,
				B99211791704A6A900BEB0D2 /* InfoPlist.strings */,
			);
			name = "Supporting Files";
			sourceTree = "<group>";
		};
		B9E4C54B1709C9A100F78DC0 /* Models */ = {
			isa = PBXGroup;
			children = (
				B99211931704AD4500BEB0D2 /* StacManQuestion.h */,
				B99211941704AD4500BEB0D2 /* StacManQuestion.m */,
				B9E0FB041705D3BF00478677 /* StacManShallowUser.h */,
				B9E0FB051705D3BF00478677 /* StacManShallowUser.m */,
				B9E0FB0E1705D72700478677 /* StacManMigrationInfo.h */,
				B9E0FB0F1705D72700478677 /* StacManMigrationInfo.m */,
				B9E0FB121705D79300478677 /* StacManSite.h */,
				B9E0FB131705D79300478677 /* StacManSite.m */,
				B9E0FB161705D8E600478677 /* StacManStyling.h */,
				B9E0FB171705D8E600478677 /* StacManStyling.m */,
				B9E0FB1E1705DFBE00478677 /* StacManRelatedSite.h */,
				B9E0FB1F1705DFBF00478677 /* StacManRelatedSite.m */,
				B9E4C54C1709C9FB00F78DC0 /* StacManAnswer.h */,
				B9E4C54D1709C9FB00F78DC0 /* StacManAnswer.m */,
				B9E4C5501709CBFF00F78DC0 /* StacManComment.h */,
				B9E4C5511709CBFF00F78DC0 /* StacManComment.m */,
				B9E4C5541709CFE600F78DC0 /* StacManQuestionTimeline.h */,
				B9E4C5551709CFE600F78DC0 /* StacManQuestionTimeline.m */,
				B9E4C5601709F1AF00F78DC0 /* StacManUser.h */,
				B9E4C5611709F1AF00F78DC0 /* StacManUser.m */,
				B9E4C5641709F28E00F78DC0 /* StacManBadgeCount.h */,
				B9E4C5651709F28E00F78DC0 /* StacManBadgeCount.m */,
				B9E4C568170A106200F78DC0 /* StacManBadge.h */,
				B9E4C569170A106200F78DC0 /* StacManBadge.m */,
				B9E4C56C170A11C400F78DC0 /* StacManPrivilege.h */,
				B9E4C56D170A11C400F78DC0 /* StacManPrivilege.m */,
				B9E4C570170A12DD00F78DC0 /* StacManReputation.h */,
				B9E4C571170A12DE00F78DC0 /* StacManReputation.m */,
				B9E4C574170A13C900F78DC0 /* StacManSuggestedEdit.h */,
				B9E4C575170A13C900F78DC0 /* StacManSuggestedEdit.m */,
				B9E4C578170A179000F78DC0 /* StacManTag.h */,
				B9E4C579170A179100F78DC0 /* StacManTag.m */,
				B9E4C57C170A18F200F78DC0 /* StacManUserTimeline.h */,
				B9E4C57D170A18F300F78DC0 /* StacManUserTimeline.m */,
				B9E4C580170A1A2500F78DC0 /* StacManTopTag.h */,
				B9E4C581170A1A2600F78DC0 /* StacManTopTag.m */,
				B9E4C584170A1B9B00F78DC0 /* StacManInboxItem.h */,
				B9E4C585170A1B9C00F78DC0 /* StacManInboxItem.m */,
				B9E4C588170A1D1100F78DC0 /* StacManNetworkUser.h */,
				B9E4C589170A1D1100F78DC0 /* StacManNetworkUser.m */,
				B9379798170B0DE90058127A /* StacManAccessToken.h */,
				B9379799170B0DE90058127A /* StacManAccessToken.m */,
				B93797B6170B37B90058127A /* StacManError.h */,
				B93797B7170B37B90058127A /* StacManError.m */,
				B93797BE170B39F50058127A /* StacManEvent.h */,
				B93797BF170B39F50058127A /* StacManEvent.m */,
				B93797C6170B44C30058127A /* StacManFilter.h */,
				B93797C7170B44C30058127A /* StacManFilter.m */,
				B93797D3170B48180058127A /* StacManInfo.h */,
				B93797D4170B48180058127A /* StacManInfo.m */,
				B93797DB170B4B690058127A /* StacManPost.h */,
				B93797DC170B4B690058127A /* StacManPost.m */,
				B93797DF170B4CDB0058127A /* StacManRevision.h */,
				B93797E0170B4CDB0058127A /* StacManRevision.m */,
				B93797F7170B5DD20058127A /* StacManTagSynonym.h */,
				B93797F8170B5DD30058127A /* StacManTagSynonym.m */,
				B93797FB170B5F2E0058127A /* StacManTagScore.h */,
				B93797FC170B5F2E0058127A /* StacManTagScore.m */,
				B93797FF170B60510058127A /* StacManTagWiki.h */,
				B9379800170B60520058127A /* StacManTagWiki.m */,
			);
			name = Models;
			sourceTree = "<group>";
		};
/* End PBXGroup section */

/* Begin PBXHeadersBuildPhase section */
		B99211591704A6A800BEB0D2 /* Headers */ = {
			isa = PBXHeadersBuildPhase;
			buildActionMask = 2147483647;
			files = (
				B99211891704A7B500BEB0D2 /* StacManQuestionMethods.h in Headers */,
				B992118D1704AA0000BEB0D2 /* StacManResponse.h in Headers */,
				B99211911704AA9B00BEB0D2 /* StacManWrapper.h in Headers */,
				B99211951704AD4500BEB0D2 /* StacManQuestion.h in Headers */,
				B9E0FB061705D3BF00478677 /* StacManShallowUser.h in Headers */,
				B9E0FB0A1705D49400478677 /* StacManConstants.h in Headers */,
				B9E0FB101705D72700478677 /* StacManMigrationInfo.h in Headers */,
				B9E0FB141705D79300478677 /* StacManSite.h in Headers */,
				B9E0FB181705D8E600478677 /* StacManStyling.h in Headers */,
				B9E0FB1C1705DB4D00478677 /* Utils.h in Headers */,
				B9E0FB201705DFBF00478677 /* StacManRelatedSite.h in Headers */,
				B9E4C54E1709C9FB00F78DC0 /* StacManAnswer.h in Headers */,
				B9E4C5521709CBFF00F78DC0 /* StacManComment.h in Headers */,
				B9E4C5561709CFE600F78DC0 /* StacManQuestionTimeline.h in Headers */,
				B9E4C55A1709D15500F78DC0 /* StacMan.h in Headers */,
				B9E4C55E1709EA2700F78DC0 /* StacManUserMethods.h in Headers */,
				B9E4C5621709F1AF00F78DC0 /* StacManUser.h in Headers */,
				B9E4C5661709F28E00F78DC0 /* StacManBadgeCount.h in Headers */,
				B9E4C56A170A106300F78DC0 /* StacManBadge.h in Headers */,
				B9E4C56E170A11C500F78DC0 /* StacManPrivilege.h in Headers */,
				8F11D10317E8FF6300F0E074 /* PropertySetter.h in Headers */,
				8F11D10417E8FF8E00F0E074 /* StacManClient.h in Headers */,
				B9E4C572170A12DE00F78DC0 /* StacManReputation.h in Headers */,
				B9E4C576170A13CA00F78DC0 /* StacManSuggestedEdit.h in Headers */,
				B9E4C57A170A179200F78DC0 /* StacManTag.h in Headers */,
				B9E4C57E170A18F300F78DC0 /* StacManUserTimeline.h in Headers */,
				8F11D0FC17E8B0F400F0E074 /* SM_GTMNSString+HTML.h in Headers */,
				B9E4C582170A1A2700F78DC0 /* StacManTopTag.h in Headers */,
				B9E4C586170A1B9D00F78DC0 /* StacManInboxItem.h in Headers */,
				B9E4C58A170A1D1200F78DC0 /* StacManNetworkUser.h in Headers */,
				B9379792170B0BC00058127A /* StacManSiteMethods.h in Headers */,
				B9379796170B0D590058127A /* StacManAccessTokenMethods.h in Headers */,
				B937979A170B0DE90058127A /* StacManAccessToken.h in Headers */,
				8F11D0F617E7E39E00F0E074 /* NSString+Web.h in Headers */,
				B93797A4170B2D780058127A /* StacManAnswerMethods.h in Headers */,
				B93797A8170B2FBF0058127A /* StacManApplicationMethods.h in Headers */,
				B93797AC170B30FC0058127A /* StacManBadgeMethods.h in Headers */,
				B93797B0170B34ED0058127A /* StacManCommentMethods.h in Headers */,
				B93797B4170B36850058127A /* StacManErrorMethods.h in Headers */,
				B93797B8170B37B90058127A /* StacManError.h in Headers */,
				B93797BC170B38F60058127A /* StacManEventMethods.h in Headers */,
				B93797C0170B39F50058127A /* StacManEvent.h in Headers */,
				B93797C4170B42E60058127A /* StacManFilterMethods.h in Headers */,
				B93797C8170B44C30058127A /* StacManFilter.h in Headers */,
				B93797CD170B465B0058127A /* StacManInboxMethods.h in Headers */,
				B93797D1170B47770058127A /* StacManInfoMethods.h in Headers */,
				B93797D5170B48190058127A /* StacManInfo.h in Headers */,
				B93797D9170B49EE0058127A /* StacManPostMethods.h in Headers */,
				B93797DD170B4B690058127A /* StacManPost.h in Headers */,
				B93797E1170B4CDC0058127A /* StacManRevision.h in Headers */,
				B93797E5170B4E710058127A /* StacManPrivilegeMethods.h in Headers */,
				B93797E9170B4F430058127A /* StacManRevisionMethods.h in Headers */,
				B93797ED170B50450058127A /* StacManSearchMethods.h in Headers */,
				B93797F1170B534D0058127A /* StacManSuggestedEditMethods.h in Headers */,
				B93797F5170B5AC60058127A /* StacManTagMethods.h in Headers */,
				B93797F9170B5DD40058127A /* StacManTagSynonym.h in Headers */,
				B93797FD170B5F300058127A /* StacManTagScore.h in Headers */,
				B9379801170B60530058127A /* StacManTagWiki.h in Headers */,
			);
			runOnlyForDeploymentPostprocessing = 0;
		};
/* End PBXHeadersBuildPhase section */

/* Begin PBXNativeTarget section */
		8F17D03117E75F6A0027D940 /* StacMan-static */ = {
			isa = PBXNativeTarget;
			buildConfigurationList = 8F17D05517E75F6A0027D940 /* Build configuration list for PBXNativeTarget "StacMan-static" */;
			buildPhases = (
				8F17D02E17E75F6A0027D940 /* Sources */,
				8F17D02F17E75F6A0027D940 /* Frameworks */,
			);
			buildRules = (
			);
			dependencies = (
			);
			name = "StacMan-static";
			productName = "StacMan-static";
			productReference = 8F17D03217E75F6A0027D940 /* libStacMan-static.a */;
			productType = "com.apple.product-type.library.static";
		};
		B992115A1704A6A800BEB0D2 /* StacMan */ = {
			isa = PBXNativeTarget;
			buildConfigurationList = B99211811704A6A900BEB0D2 /* Build configuration list for PBXNativeTarget "StacMan" */;
			buildPhases = (
				B99211571704A6A800BEB0D2 /* Sources */,
				B99211581704A6A800BEB0D2 /* Frameworks */,
				B99211591704A6A800BEB0D2 /* Headers */,
			);
			buildRules = (
			);
			dependencies = (
			);
			name = StacMan;
			productName = StacMan;
			productReference = B992115B1704A6A800BEB0D2 /* StacMan.dylib */;
			productType = "com.apple.product-type.library.dynamic";
		};
		B992116E1704A6A900BEB0D2 /* StacManTests */ = {
			isa = PBXNativeTarget;
			buildConfigurationList = B99211841704A6A900BEB0D2 /* Build configuration list for PBXNativeTarget "StacManTests" */;
			buildPhases = (
				B992116A1704A6A900BEB0D2 /* Sources */,
				B992116B1704A6A900BEB0D2 /* Frameworks */,
				B992116C1704A6A900BEB0D2 /* Resources */,
				B992116D1704A6A900BEB0D2 /* ShellScript */,
			);
			buildRules = (
			);
			dependencies = (
				B99211741704A6A900BEB0D2 /* PBXTargetDependency */,
			);
			name = StacManTests;
			productName = StacManTests;
			productReference = B992116F1704A6A900BEB0D2 /* StacManTests.octest */;
			productType = "com.apple.product-type.bundle";
		};
/* End PBXNativeTarget section */

/* Begin PBXProject section */
		B99211521704A6A800BEB0D2 /* Project object */ = {
			isa = PBXProject;
			attributes = {
				LastUpgradeCheck = 0500;
				ORGANIZATIONNAME = "Stack Exchange";
			};
			buildConfigurationList = B99211551704A6A800BEB0D2 /* Build configuration list for PBXProject "StacMan" */;
			compatibilityVersion = "Xcode 3.2";
			developmentRegion = English;
			hasScannedForEncodings = 0;
			knownRegions = (
				en,
			);
			mainGroup = B99211501704A6A800BEB0D2;
			productRefGroup = B992115C1704A6A800BEB0D2 /* Products */;
			projectDirPath = "";
			projectRoot = "";
			targets = (
				B992115A1704A6A800BEB0D2 /* StacMan */,
				B992116E1704A6A900BEB0D2 /* StacManTests */,
				8F17D03117E75F6A0027D940 /* StacMan-static */,
			);
		};
/* End PBXProject section */

/* Begin PBXResourcesBuildPhase section */
		B992116C1704A6A900BEB0D2 /* Resources */ = {
			isa = PBXResourcesBuildPhase;
			buildActionMask = 2147483647;
			files = (
				B992117B1704A6A900BEB0D2 /* InfoPlist.strings in Resources */,
			);
			runOnlyForDeploymentPostprocessing = 0;
		};
/* End PBXResourcesBuildPhase section */

/* Begin PBXShellScriptBuildPhase section */
		B992116D1704A6A900BEB0D2 /* ShellScript */ = {
			isa = PBXShellScriptBuildPhase;
			buildActionMask = 2147483647;
			files = (
			);
			inputPaths = (
			);
			outputPaths = (
			);
			runOnlyForDeploymentPostprocessing = 0;
			shellPath = /bin/sh;
			shellScript = "# Run the unit tests in this test bundle.\n\"${SYSTEM_DEVELOPER_DIR}/Tools/RunUnitTests\"\n";
		};
/* End PBXShellScriptBuildPhase section */

/* Begin PBXSourcesBuildPhase section */
		8F17D02E17E75F6A0027D940 /* Sources */ = {
			isa = PBXSourcesBuildPhase;
			buildActionMask = 2147483647;
			files = (
				8F17D08517E763B40027D940 /* StacManRevision.m in Sources */,
				8F17D05817E762F50027D940 /* StacManQuestionMethods.m in Sources */,
				8F17D05B17E763460027D940 /* StacManAccessTokenMethods.m in Sources */,
				8F17D07B17E763B40027D940 /* StacManUserTimeline.m in Sources */,
				8F17D08217E763B40027D940 /* StacManFilter.m in Sources */,
				8F17D06D17E763B40027D940 /* StacManMigrationInfo.m in Sources */,
				8F17D08117E763B40027D940 /* StacManEvent.m in Sources */,
				8F17D08017E763B40027D940 /* StacManError.m in Sources */,
				8F17D08917E763B40027D940 /* StacManClient.m in Sources */,
				8F17D07617E763B40027D940 /* StacManBadge.m in Sources */,
				8F17D08B17E763B40027D940 /* PropertySetter.m in Sources */,
				8F17D05C17E763490027D940 /* StacManAnswerMethods.m in Sources */,
				8F17D05D17E7634C0027D940 /* StacManApplicationMethods.m in Sources */,
				8F17D05717E762ED0027D940 /* StacManWrapper.m in Sources */,
				8F17D07517E763B40027D940 /* StacManBadgeCount.m in Sources */,
				8F17D06B17E763B40027D940 /* StacManQuestion.m in Sources */,
				8F17D06F17E763B40027D940 /* StacManStyling.m in Sources */,
				8F17D05F17E763510027D940 /* StacManCommentMethods.m in Sources */,
				8F17D06617E763680027D940 /* StacManPrivilegeMethods.m in Sources */,
				8F17D06517E763650027D940 /* StacManPostMethods.m in Sources */,
				8F17D05917E762FB0027D940 /* StacManUserMethods.m in Sources */,
				8F17D07A17E763B40027D940 /* StacManTag.m in Sources */,
				8F17D07317E763B40027D940 /* StacManQuestionTimeline.m in Sources */,
				8F17D08D17E763B40027D940 /* Utils.m in Sources */,
				8F17D05E17E7634F0027D940 /* StacManBadgeMethods.m in Sources */,
				8F17D06317E763600027D940 /* StacManInboxMethods.m in Sources */,
				8F17D08C17E763B40027D940 /* StacManConstants.m in Sources */,
				8F17D07F17E763B40027D940 /* StacManAccessToken.m in Sources */,
				8F17D05A17E763430027D940 /* StacManSiteMethods.m in Sources */,
				8F11D0FE17E8B0F400F0E074 /* SM_GTMNSString+HTML.m in Sources */,
				8F17D07C17E763B40027D940 /* StacManTopTag.m in Sources */,
				8F17D08817E763B40027D940 /* StacManTagWiki.m in Sources */,
				8F17D07117E763B40027D940 /* StacManAnswer.m in Sources */,
				8F17D06117E7635A0027D940 /* StacManEventMethods.m in Sources */,
				8F17D08A17E763B40027D940 /* StacManResponse.m in Sources */,
				8F17D08417E763B40027D940 /* StacManPost.m in Sources */,
				8F17D06A17E763740027D940 /* StacManTagMethods.m in Sources */,
				8F17D06C17E763B40027D940 /* StacManShallowUser.m in Sources */,
				8F17D08317E763B40027D940 /* StacManInfo.m in Sources */,
				8F17D06917E763740027D940 /* StacManSuggestedEditMethods.m in Sources */,
				8F17D06717E7636B0027D940 /* StacManRevisionMethods.m in Sources */,
				8F17D08717E763B40027D940 /* StacManTagScore.m in Sources */,
				8F17D07017E763B40027D940 /* StacManRelatedSite.m in Sources */,
				8F17D06817E7636E0027D940 /* StacManSearchMethods.m in Sources */,
				8F17D07817E763B40027D940 /* StacManReputation.m in Sources */,
				8F11D0F817E7E39E00F0E074 /* NSString+Web.m in Sources */,
				8F17D06E17E763B40027D940 /* StacManSite.m in Sources */,
				8F17D07E17E763B40027D940 /* StacManNetworkUser.m in Sources */,
				8F17D06217E7635D0027D940 /* StacManFilterMethods.m in Sources */,
				8F17D07D17E763B40027D940 /* StacManInboxItem.m in Sources */,
				8F17D07917E763B40027D940 /* StacManSuggestedEdit.m in Sources */,
				8F17D07417E763B40027D940 /* StacManUser.m in Sources */,
				8F17D07217E763B40027D940 /* StacManComment.m in Sources */,
				8F17D06417E763630027D940 /* StacManInfoMethods.m in Sources */,
				8F17D06017E763570027D940 /* StacManErrorMethods.m in Sources */,
				8F17D08617E763B40027D940 /* StacManTagSynonym.m in Sources */,
				8F17D07717E763B40027D940 /* StacManPrivilege.m in Sources */,
			);
			runOnlyForDeploymentPostprocessing = 0;
		};
		B99211571704A6A800BEB0D2 /* Sources */ = {
			isa = PBXSourcesBuildPhase;
			buildActionMask = 2147483647;
			files = (
				B99211691704A6A900BEB0D2 /* StacManClient.m in Sources */,
				B992118A1704A7B500BEB0D2 /* StacManQuestionMethods.m in Sources */,
				B992118E1704AA0000BEB0D2 /* StacManResponse.m in Sources */,
				B99211921704AA9B00BEB0D2 /* StacManWrapper.m in Sources */,
				B99211961704AD4500BEB0D2 /* StacManQuestion.m in Sources */,
				B997EF271704CD360074637A /* PropertySetter.m in Sources */,
				B9E0FB071705D3BF00478677 /* StacManShallowUser.m in Sources */,
				B9E0FB0D1705D4DE00478677 /* StacManConstants.m in Sources */,
				B9E0FB111705D72700478677 /* StacManMigrationInfo.m in Sources */,
				B9E0FB151705D79300478677 /* StacManSite.m in Sources */,
				B9E0FB191705D8E600478677 /* StacManStyling.m in Sources */,
				B9E0FB1D1705DB4D00478677 /* Utils.m in Sources */,
				B9E0FB211705DFBF00478677 /* StacManRelatedSite.m in Sources */,
				B9E4C54F1709C9FB00F78DC0 /* StacManAnswer.m in Sources */,
				B9E4C5531709CBFF00F78DC0 /* StacManComment.m in Sources */,
				B9E4C5571709CFE600F78DC0 /* StacManQuestionTimeline.m in Sources */,
				B9E4C55F1709EA2700F78DC0 /* StacManUserMethods.m in Sources */,
				B9E4C5631709F1AF00F78DC0 /* StacManUser.m in Sources */,
				B9E4C5671709F28E00F78DC0 /* StacManBadgeCount.m in Sources */,
				B9E4C56B170A106300F78DC0 /* StacManBadge.m in Sources */,
				B9E4C56F170A11C500F78DC0 /* StacManPrivilege.m in Sources */,
				B9E4C573170A12DE00F78DC0 /* StacManReputation.m in Sources */,
				B9E4C577170A13CA00F78DC0 /* StacManSuggestedEdit.m in Sources */,
				B9E4C57B170A179200F78DC0 /* StacManTag.m in Sources */,
				B9E4C57F170A18F300F78DC0 /* StacManUserTimeline.m in Sources */,
				B9E4C583170A1A2700F78DC0 /* StacManTopTag.m in Sources */,
				B9E4C587170A1B9D00F78DC0 /* StacManInboxItem.m in Sources */,
				B9E4C58B170A1D1200F78DC0 /* StacManNetworkUser.m in Sources */,
				B9379793170B0BC00058127A /* StacManSiteMethods.m in Sources */,
				8F11D0FD17E8B0F400F0E074 /* SM_GTMNSString+HTML.m in Sources */,
				B9379797170B0D590058127A /* StacManAccessTokenMethods.m in Sources */,
				B937979B170B0DE90058127A /* StacManAccessToken.m in Sources */,
				B93797A5170B2D780058127A /* StacManAnswerMethods.m in Sources */,
				B93797A9170B2FBF0058127A /* StacManApplicationMethods.m in Sources */,
				B93797AD170B30FC0058127A /* StacManBadgeMethods.m in Sources */,
				B93797B1170B34ED0058127A /* StacManCommentMethods.m in Sources */,
				B93797B5170B36850058127A /* StacManErrorMethods.m in Sources */,
				B93797B9170B37B90058127A /* StacManError.m in Sources */,
				B93797BD170B38F60058127A /* StacManEventMethods.m in Sources */,
				B93797C1170B39F50058127A /* StacManEvent.m in Sources */,
				B93797C5170B42E60058127A /* StacManFilterMethods.m in Sources */,
				B93797C9170B44C30058127A /* StacManFilter.m in Sources */,
				B93797CE170B465B0058127A /* StacManInboxMethods.m in Sources */,
				B93797D2170B47770058127A /* StacManInfoMethods.m in Sources */,
				B93797D6170B48190058127A /* StacManInfo.m in Sources */,
				8F11D0F717E7E39E00F0E074 /* NSString+Web.m in Sources */,
				B93797DA170B49EE0058127A /* StacManPostMethods.m in Sources */,
				B93797DE170B4B690058127A /* StacManPost.m in Sources */,
				B93797E2170B4CDC0058127A /* StacManRevision.m in Sources */,
				B93797E6170B4E710058127A /* StacManPrivilegeMethods.m in Sources */,
				B93797EA170B4F430058127A /* StacManRevisionMethods.m in Sources */,
				B93797EE170B50450058127A /* StacManSearchMethods.m in Sources */,
				B93797F2170B534D0058127A /* StacManSuggestedEditMethods.m in Sources */,
				B93797F6170B5AC60058127A /* StacManTagMethods.m in Sources */,
				B93797FA170B5DD40058127A /* StacManTagSynonym.m in Sources */,
				B93797FE170B5F300058127A /* StacManTagScore.m in Sources */,
				B9379802170B60530058127A /* StacManTagWiki.m in Sources */,
			);
			runOnlyForDeploymentPostprocessing = 0;
		};
		B992116A1704A6A900BEB0D2 /* Sources */ = {
			isa = PBXSourcesBuildPhase;
			buildActionMask = 2147483647;
			files = (
				B992117E1704A6A900BEB0D2 /* StacManTests.m in Sources */,
			);
			runOnlyForDeploymentPostprocessing = 0;
		};
/* End PBXSourcesBuildPhase section */

/* Begin PBXTargetDependency section */
		B99211741704A6A900BEB0D2 /* PBXTargetDependency */ = {
			isa = PBXTargetDependency;
			target = B992115A1704A6A800BEB0D2 /* StacMan */;
			targetProxy = B99211731704A6A900BEB0D2 /* PBXContainerItemProxy */;
		};
/* End PBXTargetDependency section */

/* Begin PBXVariantGroup section */
		B99211791704A6A900BEB0D2 /* InfoPlist.strings */ = {
			isa = PBXVariantGroup;
			children = (
				B992117A1704A6A900BEB0D2 /* en */,
			);
			name = InfoPlist.strings;
			sourceTree = "<group>";
		};
/* End PBXVariantGroup section */

/* Begin XCBuildConfiguration section */
		8F17D05117E75F6A0027D940 /* Debug */ = {
			isa = XCBuildConfiguration;
			buildSettings = {
				"ARCHS[sdk=iphoneos*]" = "$(ARCHS_STANDARD_INCLUDING_64_BIT)";
				"ARCHS[sdk=iphonesimulator*]" = "$(ARCHS_STANDARD)";
				CLANG_CXX_LANGUAGE_STANDARD = "gnu++0x";
				CLANG_CXX_LIBRARY = "libc++";
				CLANG_ENABLE_MODULES = YES;
				CLANG_WARN_BOOL_CONVERSION = YES;
				CLANG_WARN_DIRECT_OBJC_ISA_USAGE = YES_ERROR;
				CLANG_WARN_EMPTY_BODY = YES;
				CLANG_WARN_OBJC_ROOT_CLASS = YES_ERROR;
				DEAD_CODE_STRIPPING = NO;
				DSTROOT = /tmp/StacMan_static.dst;
				GCC_PRECOMPILE_PREFIX_HEADER = NO;
				GCC_PREFIX_HEADER = "";
				GCC_PREPROCESSOR_DEFINITIONS = (
					"DEBUG=1",
					"$(inherited)",
				);
				GCC_WARN_ABOUT_RETURN_TYPE = YES_ERROR;
				GCC_WARN_UNDECLARED_SELECTOR = YES;
				GCC_WARN_UNUSED_FUNCTION = YES;
				IPHONEOS_DEPLOYMENT_TARGET = 7.0;
				ONLY_ACTIVE_ARCH = NO;
				OTHER_LDFLAGS = "-ObjC";
				PRECOMPS_INCLUDE_HEADERS_FROM_BUILT_PRODUCTS_DIR = YES;
				PRODUCT_NAME = "$(TARGET_NAME)";
				SDKROOT = iphoneos;
				SKIP_INSTALL = YES;
				STRIP_INSTALLED_PRODUCT = NO;
			};
			name = Debug;
		};
		8F17D05217E75F6A0027D940 /* Release */ = {
			isa = XCBuildConfiguration;
			buildSettings = {
				"ARCHS[sdk=iphoneos*]" = "$(ARCHS_STANDARD_INCLUDING_64_BIT)";
				"ARCHS[sdk=iphonesimulator*]" = "$(ARCHS_STANDARD)";
				CLANG_CXX_LANGUAGE_STANDARD = "gnu++0x";
				CLANG_CXX_LIBRARY = "libc++";
				CLANG_ENABLE_MODULES = YES;
				CLANG_WARN_BOOL_CONVERSION = YES;
				CLANG_WARN_DIRECT_OBJC_ISA_USAGE = YES_ERROR;
				CLANG_WARN_EMPTY_BODY = YES;
				CLANG_WARN_OBJC_ROOT_CLASS = YES_ERROR;
				COPY_PHASE_STRIP = NO;
				DEAD_CODE_STRIPPING = NO;
				DSTROOT = /tmp/StacMan_static.dst;
				ENABLE_NS_ASSERTIONS = NO;
				GCC_PRECOMPILE_PREFIX_HEADER = NO;
				GCC_PREFIX_HEADER = "";
				GCC_WARN_ABOUT_RETURN_TYPE = YES_ERROR;
				GCC_WARN_UNDECLARED_SELECTOR = YES;
				GCC_WARN_UNUSED_FUNCTION = YES;
				IPHONEOS_DEPLOYMENT_TARGET = 7.0;
				OTHER_LDFLAGS = "-ObjC";
				PRECOMPS_INCLUDE_HEADERS_FROM_BUILT_PRODUCTS_DIR = YES;
				PRODUCT_NAME = "$(TARGET_NAME)";
				SDKROOT = iphoneos;
				SKIP_INSTALL = YES;
				STRIP_INSTALLED_PRODUCT = NO;
				VALIDATE_PRODUCT = YES;
			};
			name = Release;
		};
		B992117F1704A6A900BEB0D2 /* Debug */ = {
			isa = XCBuildConfiguration;
			buildSettings = {
				ALWAYS_SEARCH_USER_PATHS = NO;
				CLANG_ENABLE_OBJC_ARC = YES;
				CLANG_WARN_BOOL_CONVERSION = YES;
				CLANG_WARN_CONSTANT_CONVERSION = YES;
				CLANG_WARN_EMPTY_BODY = YES;
				CLANG_WARN_ENUM_CONVERSION = YES;
				CLANG_WARN_INT_CONVERSION = YES;
				CLANG_WARN__DUPLICATE_METHOD_MATCH = YES;
				COPY_PHASE_STRIP = NO;
				GCC_C_LANGUAGE_STANDARD = gnu99;
				GCC_DYNAMIC_NO_PIC = NO;
				GCC_ENABLE_OBJC_EXCEPTIONS = YES;
				GCC_OPTIMIZATION_LEVEL = 0;
				GCC_PREPROCESSOR_DEFINITIONS = (
					"DEBUG=1",
					"$(inherited)",
				);
				GCC_SYMBOLS_PRIVATE_EXTERN = NO;
				GCC_VERSION = com.apple.compilers.llvm.clang.1_0;
				GCC_WARN_64_TO_32_BIT_CONVERSION = YES;
				GCC_WARN_ABOUT_RETURN_TYPE = YES;
				GCC_WARN_UNDECLARED_SELECTOR = YES;
				GCC_WARN_UNINITIALIZED_AUTOS = YES;
				GCC_WARN_UNUSED_FUNCTION = YES;
				GCC_WARN_UNUSED_VARIABLE = YES;
				MACOSX_DEPLOYMENT_TARGET = 10.7;
				ONLY_ACTIVE_ARCH = YES;
				PUBLIC_HEADERS_FOLDER_PATH = "$(PROJECT_NAME)Headers";
				SDKROOT = macosx;
				TARGETED_DEVICE_FAMILY = 1;
			};
			name = Debug;
		};
		B99211801704A6A900BEB0D2 /* Release */ = {
			isa = XCBuildConfiguration;
			buildSettings = {
				ALWAYS_SEARCH_USER_PATHS = NO;
				CLANG_ENABLE_OBJC_ARC = YES;
				CLANG_WARN_BOOL_CONVERSION = YES;
				CLANG_WARN_CONSTANT_CONVERSION = YES;
				CLANG_WARN_EMPTY_BODY = YES;
				CLANG_WARN_ENUM_CONVERSION = YES;
				CLANG_WARN_INT_CONVERSION = YES;
				CLANG_WARN__DUPLICATE_METHOD_MATCH = YES;
				COPY_PHASE_STRIP = YES;
				DEBUG_INFORMATION_FORMAT = "dwarf-with-dsym";
				GCC_C_LANGUAGE_STANDARD = gnu99;
				GCC_ENABLE_OBJC_EXCEPTIONS = YES;
				GCC_VERSION = com.apple.compilers.llvm.clang.1_0;
				GCC_WARN_64_TO_32_BIT_CONVERSION = YES;
				GCC_WARN_ABOUT_RETURN_TYPE = YES;
				GCC_WARN_UNDECLARED_SELECTOR = YES;
				GCC_WARN_UNINITIALIZED_AUTOS = YES;
				GCC_WARN_UNUSED_FUNCTION = YES;
				GCC_WARN_UNUSED_VARIABLE = YES;
				MACOSX_DEPLOYMENT_TARGET = 10.7;
				PUBLIC_HEADERS_FOLDER_PATH = "$(PROJECT_NAME)Headers";
				SDKROOT = macosx;
				TARGETED_DEVICE_FAMILY = 1;
			};
			name = Release;
		};
		B99211821704A6A900BEB0D2 /* Debug */ = {
			isa = XCBuildConfiguration;
			buildSettings = {
				COMBINE_HIDPI_IMAGES = YES;
				DYLIB_COMPATIBILITY_VERSION = 1;
				DYLIB_CURRENT_VERSION = 1;
				GCC_PRECOMPILE_PREFIX_HEADER = YES;
				GCC_PREFIX_HEADER = "StacMan/StacMan-Prefix.pch";
				PRODUCT_NAME = "$(TARGET_NAME)";
			};
			name = Debug;
		};
		B99211831704A6A900BEB0D2 /* Release */ = {
			isa = XCBuildConfiguration;
			buildSettings = {
				COMBINE_HIDPI_IMAGES = YES;
				DYLIB_COMPATIBILITY_VERSION = 1;
				DYLIB_CURRENT_VERSION = 1;
				GCC_PRECOMPILE_PREFIX_HEADER = YES;
				GCC_PREFIX_HEADER = "StacMan/StacMan-Prefix.pch";
				PRODUCT_NAME = "$(TARGET_NAME)";
			};
			name = Release;
		};
		B99211851704A6A900BEB0D2 /* Debug */ = {
			isa = XCBuildConfiguration;
			buildSettings = {
				COMBINE_HIDPI_IMAGES = YES;
				FRAMEWORK_SEARCH_PATHS = "$(DEVELOPER_LIBRARY_DIR)/Frameworks";
				GCC_PRECOMPILE_PREFIX_HEADER = YES;
				GCC_PREFIX_HEADER = "StacMan/StacMan-Prefix.pch";
				INFOPLIST_FILE = "StacManTests/StacManTests-Info.plist";
				PRODUCT_NAME = "$(TARGET_NAME)";
				WRAPPER_EXTENSION = octest;
			};
			name = Debug;
		};
		B99211861704A6A900BEB0D2 /* Release */ = {
			isa = XCBuildConfiguration;
			buildSettings = {
				COMBINE_HIDPI_IMAGES = YES;
				FRAMEWORK_SEARCH_PATHS = "$(DEVELOPER_LIBRARY_DIR)/Frameworks";
				GCC_PRECOMPILE_PREFIX_HEADER = YES;
				GCC_PREFIX_HEADER = "StacMan/StacMan-Prefix.pch";
				INFOPLIST_FILE = "StacManTests/StacManTests-Info.plist";
				PRODUCT_NAME = "$(TARGET_NAME)";
				WRAPPER_EXTENSION = octest;
			};
			name = Release;
		};
/* End XCBuildConfiguration section */

/* Begin XCConfigurationList section */
		8F17D05517E75F6A0027D940 /* Build configuration list for PBXNativeTarget "StacMan-static" */ = {
			isa = XCConfigurationList;
			buildConfigurations = (
				8F17D05117E75F6A0027D940 /* Debug */,
				8F17D05217E75F6A0027D940 /* Release */,
			);
			defaultConfigurationIsVisible = 0;
			defaultConfigurationName = Release;
		};
		B99211551704A6A800BEB0D2 /* Build configuration list for PBXProject "StacMan" */ = {
			isa = XCConfigurationList;
			buildConfigurations = (
				B992117F1704A6A900BEB0D2 /* Debug */,
				B99211801704A6A900BEB0D2 /* Release */,
			);
			defaultConfigurationIsVisible = 0;
			defaultConfigurationName = Release;
		};
		B99211811704A6A900BEB0D2 /* Build configuration list for PBXNativeTarget "StacMan" */ = {
			isa = XCConfigurationList;
			buildConfigurations = (
				B99211821704A6A900BEB0D2 /* Debug */,
				B99211831704A6A900BEB0D2 /* Release */,
			);
			defaultConfigurationIsVisible = 0;
			defaultConfigurationName = Release;
		};
		B99211841704A6A900BEB0D2 /* Build configuration list for PBXNativeTarget "StacManTests" */ = {
			isa = XCConfigurationList;
			buildConfigurations = (
				B99211851704A6A900BEB0D2 /* Debug */,
				B99211861704A6A900BEB0D2 /* Release */,
			);
			defaultConfigurationIsVisible = 0;
			defaultConfigurationName = Release;
		};
/* End XCConfigurationList section */
	};
	rootObject = B99211521704A6A800BEB0D2 /* Project object */;
}
